{
  "object": {
    "pins": [
      {
        "package": "Disk",
        "repositoryURL": "https://github.com/saoudrizwan/Disk",
        "state": {
          "branch": null,
          "revision": "b0cb4fdf23e51849cc2460bdc6de795c3bcca99d",
          "version": "0.6.4"
        }
      },
      {
        "package": "PopupView",
        "repositoryURL": "https://github.com/exyte/PopupView",
        "state": {
          "branch": null,
          "revision": "fd37cca19583f784288dc3f1d22e9c5c69d6fd68",
          "version": "0.0.10"
        }
      },
      {
        "package": "StringFix",
        "repositoryURL": "https://github.com/robertmsale/StringFix",
        "state": {
          "branch": null,
          "revision": "fac126903db5586cf38f37a953f456fc8385af62",
          "version": "1.0.0"
        }
      },
      {
        "package": "VectorExtensions",
        "repositoryURL": "https://github.com/robertmsale/VectorExtensions",
        "state": {
          "branch": null,
          "revision": "07a42de2333fb38081fd86b2f681818baa51fc34",
          "version": "1.0.4"
        }
      },
      {
        "package": "VectorProtocol",
        "repositoryURL": "https://github.com/robertmsale/VectorProtocol.git",
        "state": {
          "branch": null,
          "revision": "d23d15eb20b48418280ec6b02ce1da6cfa409d09",
          "version": "1.0.0"
        }
      }
    ]
  },
  "version": 1
}
