// !$*UTF8*$!
{
	archiveVersion = 1;
	classes = {
	};
	objectVersion = 52;
	objects = {

/* Begin PBXBuildFile section */
		7E89E14873ACECE13D83E76A /* IntakeCalculatorModule.swift in Sources */ = {isa = PBXBuildFile; fileRef = 7E89EEFE162188B0CA0C7318 /* IntakeCalculatorModule.swift */; };
		EE12F1822592F6F8007F5CE4 /* PopupView in Frameworks */ = {isa = PBXBuildFile; productRef = EE12F1812592F6F8007F5CE4 /* PopupView */; };
		EE25E478296A07F7000C7451 /* HotSwiftUI in Frameworks */ = {isa = PBXBuildFile; productRef = EE25E477296A07F7000C7451 /* HotSwiftUI */; settings = {ATTRIBUTES = (Weak, ); }; };
		EE39100D2963D4F4000E7331 /* ActivityView.swift in Sources */ = {isa = PBXBuildFile; fileRef = EE39100C2963D4F4000E7331 /* ActivityView.swift */; };
		EE3910102963DCD4000E7331 /* BalancePointCalcView.swift in Sources */ = {isa = PBXBuildFile; fileRef = EE39100F2963DCD4000E7331 /* BalancePointCalcView.swift */; };
		EE6C3B94259969B600AA70AE /* AboutView.swift in Sources */ = {isa = PBXBuildFile; fileRef = EEFB99152527BBDB008AB605 /* AboutView.swift */; };
		EE6C3B95259969B600AA70AE /* DuctTransitionHelpView.swift in Sources */ = {isa = PBXBuildFile; fileRef = EEFB99102527B9EC008AB605 /* DuctTransitionHelpView.swift */; };
		EE6C3B9B2599778300AA70AE /* StringFix in Frameworks */ = {isa = PBXBuildFile; productRef = EE6C3B9A2599778300AA70AE /* StringFix */; };
		EE6C3BB2259C3F3700AA70AE /* DuctTransitionCameraHelpView.swift in Sources */ = {isa = PBXBuildFile; fileRef = EED1CE6C251FC876003E6F08 /* DuctTransitionCameraHelpView.swift */; };
		EE8D395C25831C7600A1AC39 /* AppMain.swift in Sources */ = {isa = PBXBuildFile; fileRef = EE8D395B25831C7600A1AC39 /* AppMain.swift */; };
		EE8D396525831DEE00A1AC39 /* AppState.swift in Sources */ = {isa = PBXBuildFile; fileRef = EE8D396425831DEE00A1AC39 /* AppState.swift */; };
		EE8D3990258326B700A1AC39 /* VectorExtensions in Frameworks */ = {isa = PBXBuildFile; productRef = EE8D398F258326B700A1AC39 /* VectorExtensions */; };
		EE9022BD258EC87C00EE0C9A /* AppView.swift in Sources */ = {isa = PBXBuildFile; fileRef = EE9022BC258EC87C00EE0C9A /* AppView.swift */; };
		EE97EC73295A3D5E00A9FDBC /* InchKeyboard.swift in Sources */ = {isa = PBXBuildFile; fileRef = EE97EC72295A3D5E00A9FDBC /* InchKeyboard.swift */; };
		EE97EC75295A3E5800A9FDBC /* KBButton.swift in Sources */ = {isa = PBXBuildFile; fileRef = EE97EC74295A3E5800A9FDBC /* KBButton.swift */; };
		EE97EC7C295E192E00A9FDBC /* VectorManipulation.swift in Sources */ = {isa = PBXBuildFile; fileRef = EE97EC7B295E192E00A9FDBC /* VectorManipulation.swift */; };
		EE97EC80295E23A600A9FDBC /* DuctTransitionModuleView.swift in Sources */ = {isa = PBXBuildFile; fileRef = EE97EC7F295E23A600A9FDBC /* DuctTransitionModuleView.swift */; };
		EE97EC83295E24CA00A9FDBC /* DuctTransitionModuleState.swift in Sources */ = {isa = PBXBuildFile; fileRef = EE97EC82295E24CA00A9FDBC /* DuctTransitionModuleState.swift */; };
		EE97EC85295E26E400A9FDBC /* ModuleProtocol.swift in Sources */ = {isa = PBXBuildFile; fileRef = EE97EC84295E26E400A9FDBC /* ModuleProtocol.swift */; };
		EE9FEB9C296909B800B3C12A /* AppReview in Frameworks */ = {isa = PBXBuildFile; productRef = EE9FEB9B296909B800B3C12A /* AppReview */; settings = {ATTRIBUTES = (Weak, ); }; };
		EE9FEB9E29690CA000B3C12A /* DuctTransitionToPDF.swift in Sources */ = {isa = PBXBuildFile; fileRef = EE9FEB9D29690CA000B3C12A /* DuctTransitionToPDF.swift */; };
		EEA79870296A270800D28867 /* multiSimStart.sh in Resources */ = {isa = PBXBuildFile; fileRef = EEA7986E296A270800D28867 /* multiSimStart.sh */; };
		EEA79871296A270800D28867 /* SimulatorsList.txt in Resources */ = {isa = PBXBuildFile; fileRef = EEA7986F296A270800D28867 /* SimulatorsList.txt */; };
		EEB3AE7C258CE95100285C20 /* VectorExtensions in Frameworks */ = {isa = PBXBuildFile; productRef = EEB3AE7B258CE95100285C20 /* VectorExtensions */; };
		EEC7CF3C25034397003389AB /* Assets.xcassets in Resources */ = {isa = PBXBuildFile; fileRef = EEC7CF3B25034397003389AB /* Assets.xcassets */; };
		EEC7CF4225034397003389AB /* LaunchScreen.storyboard in Resources */ = {isa = PBXBuildFile; fileRef = EEC7CF4025034397003389AB /* LaunchScreen.storyboard */; };
		EEC7CF4D25034397003389AB /* FieldFabTests.swift in Sources */ = {isa = PBXBuildFile; fileRef = EEC7CF4C25034397003389AB /* FieldFabTests.swift */; };
		EEC7CF5825034397003389AB /* FieldFabUITests.swift in Sources */ = {isa = PBXBuildFile; fileRef = EEC7CF5725034397003389AB /* FieldFabUITests.swift */; };
		EEDFF21F2546021B00FD9D51 /* VisualEffectView.swift in Sources */ = {isa = PBXBuildFile; fileRef = EEDFF21E2546021B00FD9D51 /* VisualEffectView.swift */; };
		EEFB98D82526CCA8008AB605 /* Disk in Frameworks */ = {isa = PBXBuildFile; productRef = EEFB98D72526CCA8008AB605 /* Disk */; };
		EEFD73DD295F5FC4002E20FB /* ReflectionAPI.swift in Sources */ = {isa = PBXBuildFile; fileRef = EEFD73DC295F5FC4002E20FB /* ReflectionAPI.swift */; };
		EEFD73DF295FAC0C002E20FB /* DuctTransitionSettingsView.swift in Sources */ = {isa = PBXBuildFile; fileRef = EEFD73DE295FAC0C002E20FB /* DuctTransitionSettingsView.swift */; };
		EEFD73E2295FC693002E20FB /* DuctTransitionWorkshop.swift in Sources */ = {isa = PBXBuildFile; fileRef = EEFD73E1295FC693002E20FB /* DuctTransitionWorkshop.swift */; };
		EEFD73E429609924002E20FB /* DuctTransitionDataTypes.swift in Sources */ = {isa = PBXBuildFile; fileRef = EEFD73E329609924002E20FB /* DuctTransitionDataTypes.swift */; };
		EEFD73E62960A5F6002E20FB /* Extensions.swift in Sources */ = {isa = PBXBuildFile; fileRef = EEFD73E52960A5F6002E20FB /* Extensions.swift */; };
		EEFD73E82960A7BB002E20FB /* Math.swift in Sources */ = {isa = PBXBuildFile; fileRef = EEFD73E72960A7BB002E20FB /* Math.swift */; };
		EEFD73EA2960E91A002E20FB /* DuctTransitionNewSessionView.swift in Sources */ = {isa = PBXBuildFile; fileRef = EEFD73E92960E91A002E20FB /* DuctTransitionNewSessionView.swift */; };
		EEFD73EC2960F2BB002E20FB /* DuctTransitionEditor.swift in Sources */ = {isa = PBXBuildFile; fileRef = EEFD73EB2960F2BB002E20FB /* DuctTransitionEditor.swift */; };
		EEFD73EE2961156B002E20FB /* DuctTransitionDuctSideView.swift in Sources */ = {isa = PBXBuildFile; fileRef = EEFD73ED2961156B002E20FB /* DuctTransitionDuctSideView.swift */; };
		EEFD73F029625CE6002E20FB /* DuctTransition3DView.swift in Sources */ = {isa = PBXBuildFile; fileRef = EEFD73EF29625CE6002E20FB /* DuctTransition3DView.swift */; };
		EEFD73F229626960002E20FB /* Scene.scn in Resources */ = {isa = PBXBuildFile; fileRef = EEFD73F129626960002E20FB /* Scene.scn */; };
/* End PBXBuildFile section */

/* Begin PBXContainerItemProxy section */
		EEC7CF4925034397003389AB /* PBXContainerItemProxy */ = {
			isa = PBXContainerItemProxy;
			containerPortal = EEC7CF2A25034396003389AB /* Project object */;
			proxyType = 1;
			remoteGlobalIDString = EEC7CF3125034396003389AB;
			remoteInfo = FieldFab;
		};
		EEC7CF5425034397003389AB /* PBXContainerItemProxy */ = {
			isa = PBXContainerItemProxy;
			containerPortal = EEC7CF2A25034396003389AB /* Project object */;
			proxyType = 1;
			remoteGlobalIDString = EEC7CF3125034396003389AB;
			remoteInfo = FieldFab;
		};
/* End PBXContainerItemProxy section */

/* Begin PBXFileReference section */
		7E89EEFE162188B0CA0C7318 /* IntakeCalculatorModule.swift */ = {isa = PBXFileReference; fileEncoding = 4; lastKnownFileType = sourcecode.swift; path = IntakeCalculatorModule.swift; sourceTree = "<group>"; };
		EE29E42725086B01007F4036 /* FieldFab.entitlements */ = {isa = PBXFileReference; lastKnownFileType = text.plist.entitlements; path = FieldFab.entitlements; sourceTree = "<group>"; };
		EE39100C2963D4F4000E7331 /* ActivityView.swift */ = {isa = PBXFileReference; lastKnownFileType = sourcecode.swift; path = ActivityView.swift; sourceTree = "<group>"; };
		EE39100F2963DCD4000E7331 /* BalancePointCalcView.swift */ = {isa = PBXFileReference; lastKnownFileType = sourcecode.swift; path = BalancePointCalcView.swift; sourceTree = "<group>"; };
		EE8D395B25831C7600A1AC39 /* AppMain.swift */ = {isa = PBXFileReference; lastKnownFileType = sourcecode.swift; path = AppMain.swift; sourceTree = "<group>"; };
		EE8D396425831DEE00A1AC39 /* AppState.swift */ = {isa = PBXFileReference; lastKnownFileType = sourcecode.swift; path = AppState.swift; sourceTree = "<group>"; };
		EE9022BC258EC87C00EE0C9A /* AppView.swift */ = {isa = PBXFileReference; lastKnownFileType = sourcecode.swift; path = AppView.swift; sourceTree = "<group>"; };
		EE97EC72295A3D5E00A9FDBC /* InchKeyboard.swift */ = {isa = PBXFileReference; lastKnownFileType = sourcecode.swift; path = InchKeyboard.swift; sourceTree = "<group>"; };
		EE97EC74295A3E5800A9FDBC /* KBButton.swift */ = {isa = PBXFileReference; lastKnownFileType = sourcecode.swift; path = KBButton.swift; sourceTree = "<group>"; };
		EE97EC7B295E192E00A9FDBC /* VectorManipulation.swift */ = {isa = PBXFileReference; lastKnownFileType = sourcecode.swift; path = VectorManipulation.swift; sourceTree = "<group>"; };
		EE97EC7F295E23A600A9FDBC /* DuctTransitionModuleView.swift */ = {isa = PBXFileReference; lastKnownFileType = sourcecode.swift; path = DuctTransitionModuleView.swift; sourceTree = "<group>"; };
		EE97EC82295E24CA00A9FDBC /* DuctTransitionModuleState.swift */ = {isa = PBXFileReference; lastKnownFileType = sourcecode.swift; path = DuctTransitionModuleState.swift; sourceTree = "<group>"; };
		EE97EC84295E26E400A9FDBC /* ModuleProtocol.swift */ = {isa = PBXFileReference; lastKnownFileType = sourcecode.swift; path = ModuleProtocol.swift; sourceTree = "<group>"; };
		EE9FEB9D29690CA000B3C12A /* DuctTransitionToPDF.swift */ = {isa = PBXFileReference; lastKnownFileType = sourcecode.swift; path = DuctTransitionToPDF.swift; sourceTree = "<group>"; };
		EEA7986E296A270800D28867 /* multiSimStart.sh */ = {isa = PBXFileReference; fileEncoding = 4; lastKnownFileType = text.script.sh; path = multiSimStart.sh; sourceTree = "<group>"; };
		EEA7986F296A270800D28867 /* SimulatorsList.txt */ = {isa = PBXFileReference; fileEncoding = 4; lastKnownFileType = text; path = SimulatorsList.txt; sourceTree = "<group>"; };
		EEC7CF3225034396003389AB /* FieldFab.app */ = {isa = PBXFileReference; explicitFileType = wrapper.application; includeInIndex = 0; path = FieldFab.app; sourceTree = BUILT_PRODUCTS_DIR; };
		EEC7CF3B25034397003389AB /* Assets.xcassets */ = {isa = PBXFileReference; lastKnownFileType = folder.assetcatalog; path = Assets.xcassets; sourceTree = "<group>"; };
		EEC7CF4125034397003389AB /* Base */ = {isa = PBXFileReference; lastKnownFileType = file.storyboard; name = Base; path = Base.lproj/LaunchScreen.storyboard; sourceTree = "<group>"; };
		EEC7CF4325034397003389AB /* Info.plist */ = {isa = PBXFileReference; lastKnownFileType = text.plist.xml; path = Info.plist; sourceTree = "<group>"; };
		EEC7CF4825034397003389AB /* FieldFabTests.xctest */ = {isa = PBXFileReference; explicitFileType = wrapper.cfbundle; includeInIndex = 0; path = FieldFabTests.xctest; sourceTree = BUILT_PRODUCTS_DIR; };
		EEC7CF4C25034397003389AB /* FieldFabTests.swift */ = {isa = PBXFileReference; lastKnownFileType = sourcecode.swift; path = FieldFabTests.swift; sourceTree = "<group>"; };
		EEC7CF4E25034397003389AB /* Info.plist */ = {isa = PBXFileReference; lastKnownFileType = text.plist.xml; path = Info.plist; sourceTree = "<group>"; };
		EEC7CF5325034397003389AB /* FieldFabUITests.xctest */ = {isa = PBXFileReference; explicitFileType = wrapper.cfbundle; includeInIndex = 0; path = FieldFabUITests.xctest; sourceTree = BUILT_PRODUCTS_DIR; };
		EEC7CF5725034397003389AB /* FieldFabUITests.swift */ = {isa = PBXFileReference; lastKnownFileType = sourcecode.swift; path = FieldFabUITests.swift; sourceTree = "<group>"; };
		EEC7CF5925034397003389AB /* Info.plist */ = {isa = PBXFileReference; lastKnownFileType = text.plist.xml; path = Info.plist; sourceTree = "<group>"; };
		EED1CE6C251FC876003E6F08 /* DuctTransitionCameraHelpView.swift */ = {isa = PBXFileReference; lastKnownFileType = sourcecode.swift; path = DuctTransitionCameraHelpView.swift; sourceTree = "<group>"; };
		EEDFF21E2546021B00FD9D51 /* VisualEffectView.swift */ = {isa = PBXFileReference; lastKnownFileType = sourcecode.swift; path = VisualEffectView.swift; sourceTree = "<group>"; };
		EEFB99102527B9EC008AB605 /* DuctTransitionHelpView.swift */ = {isa = PBXFileReference; lastKnownFileType = sourcecode.swift; path = DuctTransitionHelpView.swift; sourceTree = "<group>"; };
		EEFB99152527BBDB008AB605 /* AboutView.swift */ = {isa = PBXFileReference; lastKnownFileType = sourcecode.swift; path = AboutView.swift; sourceTree = "<group>"; };
		EEFD73DC295F5FC4002E20FB /* ReflectionAPI.swift */ = {isa = PBXFileReference; lastKnownFileType = sourcecode.swift; path = ReflectionAPI.swift; sourceTree = "<group>"; };
		EEFD73DE295FAC0C002E20FB /* DuctTransitionSettingsView.swift */ = {isa = PBXFileReference; lastKnownFileType = sourcecode.swift; path = DuctTransitionSettingsView.swift; sourceTree = "<group>"; };
		EEFD73E1295FC693002E20FB /* DuctTransitionWorkshop.swift */ = {isa = PBXFileReference; lastKnownFileType = sourcecode.swift; path = DuctTransitionWorkshop.swift; sourceTree = "<group>"; };
		EEFD73E329609924002E20FB /* DuctTransitionDataTypes.swift */ = {isa = PBXFileReference; lastKnownFileType = sourcecode.swift; path = DuctTransitionDataTypes.swift; sourceTree = "<group>"; };
		EEFD73E52960A5F6002E20FB /* Extensions.swift */ = {isa = PBXFileReference; lastKnownFileType = sourcecode.swift; path = Extensions.swift; sourceTree = "<group>"; };
		EEFD73E72960A7BB002E20FB /* Math.swift */ = {isa = PBXFileReference; lastKnownFileType = sourcecode.swift; path = Math.swift; sourceTree = "<group>"; };
		EEFD73E92960E91A002E20FB /* DuctTransitionNewSessionView.swift */ = {isa = PBXFileReference; lastKnownFileType = sourcecode.swift; path = DuctTransitionNewSessionView.swift; sourceTree = "<group>"; };
		EEFD73EB2960F2BB002E20FB /* DuctTransitionEditor.swift */ = {isa = PBXFileReference; lastKnownFileType = sourcecode.swift; path = DuctTransitionEditor.swift; sourceTree = "<group>"; };
		EEFD73ED2961156B002E20FB /* DuctTransitionDuctSideView.swift */ = {isa = PBXFileReference; lastKnownFileType = sourcecode.swift; path = DuctTransitionDuctSideView.swift; sourceTree = "<group>"; };
		EEFD73EF29625CE6002E20FB /* DuctTransition3DView.swift */ = {isa = PBXFileReference; lastKnownFileType = sourcecode.swift; path = DuctTransition3DView.swift; sourceTree = "<group>"; };
		EEFD73F129626960002E20FB /* Scene.scn */ = {isa = PBXFileReference; lastKnownFileType = file.bplist; path = Scene.scn; sourceTree = "<group>"; };
/* End PBXFileReference section */

/* Begin PBXFrameworksBuildPhase section */
		EEC7CF2F25034396003389AB /* Frameworks */ = {
			isa = PBXFrameworksBuildPhase;
			buildActionMask = 2147483647;
			files = (
				EE12F1822592F6F8007F5CE4 /* PopupView in Frameworks */,
				EE6C3B9B2599778300AA70AE /* StringFix in Frameworks */,
				EEFB98D82526CCA8008AB605 /* Disk in Frameworks */,
				EE9FEB9C296909B800B3C12A /* AppReview in Frameworks */,
				EEB3AE7C258CE95100285C20 /* VectorExtensions in Frameworks */,
				EE8D3990258326B700A1AC39 /* VectorExtensions in Frameworks */,
				EE25E478296A07F7000C7451 /* HotSwiftUI in Frameworks */,
			);
			runOnlyForDeploymentPostprocessing = 0;
		};
		EEC7CF4525034397003389AB /* Frameworks */ = {
			isa = PBXFrameworksBuildPhase;
			buildActionMask = 2147483647;
			files = (
			);
			runOnlyForDeploymentPostprocessing = 0;
		};
		EEC7CF5025034397003389AB /* Frameworks */ = {
			isa = PBXFrameworksBuildPhase;
			buildActionMask = 2147483647;
			files = (
			);
			runOnlyForDeploymentPostprocessing = 0;
		};
/* End PBXFrameworksBuildPhase section */

/* Begin PBXGroup section */
		7E89E6A19B764DB92757BFF2 /* IntakeCalculator */ = {
			isa = PBXGroup;
			children = (
				7E89EEFE162188B0CA0C7318 /* IntakeCalculatorModule.swift */,
			);
			path = IntakeCalculator;
			sourceTree = "<group>";
		};
		EE29E40625053CFD007F4036 /* SharedComponents */ = {
			isa = PBXGroup;
			children = (
				EEFB99152527BBDB008AB605 /* AboutView.swift */,
				EEDFF21E2546021B00FD9D51 /* VisualEffectView.swift */,
				EE97EC72295A3D5E00A9FDBC /* InchKeyboard.swift */,
				EE97EC74295A3E5800A9FDBC /* KBButton.swift */,
				EE39100C2963D4F4000E7331 /* ActivityView.swift */,
			);
			path = SharedComponents;
			sourceTree = "<group>";
		};
		EE39100E2963DC73000E7331 /* BalancePoint */ = {
			isa = PBXGroup;
			children = (
				EE39100F2963DCD4000E7331 /* BalancePointCalcView.swift */,
			);
			path = BalancePoint;
			sourceTree = "<group>";
		};
		EE8D398E258326B700A1AC39 /* Frameworks */ = {
			isa = PBXGroup;
			children = (
			);
			name = Frameworks;
			sourceTree = "<group>";
		};
		EE97EC76295DF24700A9FDBC /* Modules */ = {
			isa = PBXGroup;
			children = (
				EE39100E2963DC73000E7331 /* BalancePoint */,
				EE97EC88295F460E00A9FDBC /* FittingIndex */,
				EE97EC7E295E236C00A9FDBC /* DuctTransitions */,
				EE97EC84295E26E400A9FDBC /* ModuleProtocol.swift */,
				7E89E6A19B764DB92757BFF2 /* IntakeCalculator */,
			);
			path = Modules;
			sourceTree = "<group>";
		};
		EE97EC7A295E190A00A9FDBC /* ConceptTesting */ = {
			isa = PBXGroup;
			children = (
				EE97EC7B295E192E00A9FDBC /* VectorManipulation.swift */,
				EEFD73DC295F5FC4002E20FB /* ReflectionAPI.swift */,
			);
			path = ConceptTesting;
			sourceTree = "<group>";
		};
		EE97EC7E295E236C00A9FDBC /* DuctTransitions */ = {
			isa = PBXGroup;
			children = (
				EEFD73E0295FC66B002E20FB /* DuctTransitionPages */,
				EE97EC81295E23D400A9FDBC /* Components */,
				EE97EC7F295E23A600A9FDBC /* DuctTransitionModuleView.swift */,
				EE97EC82295E24CA00A9FDBC /* DuctTransitionModuleState.swift */,
				EEFD73E329609924002E20FB /* DuctTransitionDataTypes.swift */,
			);
			path = DuctTransitions;
			sourceTree = "<group>";
		};
		EE97EC81295E23D400A9FDBC /* Components */ = {
			isa = PBXGroup;
			children = (
				EEFB99102527B9EC008AB605 /* DuctTransitionHelpView.swift */,
				EED1CE6C251FC876003E6F08 /* DuctTransitionCameraHelpView.swift */,
				EEFD73DE295FAC0C002E20FB /* DuctTransitionSettingsView.swift */,
				EEFD73E92960E91A002E20FB /* DuctTransitionNewSessionView.swift */,
				EEFD73ED2961156B002E20FB /* DuctTransitionDuctSideView.swift */,
				EE9FEB9D29690CA000B3C12A /* DuctTransitionToPDF.swift */,
			);
			path = Components;
			sourceTree = "<group>";
		};
		EE97EC88295F460E00A9FDBC /* FittingIndex */ = {
			isa = PBXGroup;
			children = (
			);
			path = FittingIndex;
			sourceTree = "<group>";
		};
		EEC7CF2925034396003389AB = {
			isa = PBXGroup;
			children = (
				EEA7986E296A270800D28867 /* multiSimStart.sh */,
				EEA7986F296A270800D28867 /* SimulatorsList.txt */,
				EEC7CF3425034396003389AB /* FieldFab */,
				EEC7CF4B25034397003389AB /* FieldFabTests */,
				EEC7CF5625034397003389AB /* FieldFabUITests */,
				EEC7CF3325034396003389AB /* Products */,
				EE8D398E258326B700A1AC39 /* Frameworks */,
			);
			sourceTree = "<group>";
		};
		EEC7CF3325034396003389AB /* Products */ = {
			isa = PBXGroup;
			children = (
				EEC7CF3225034396003389AB /* FieldFab.app */,
				EEC7CF4825034397003389AB /* FieldFabTests.xctest */,
				EEC7CF5325034397003389AB /* FieldFabUITests.xctest */,
			);
			name = Products;
			sourceTree = "<group>";
		};
		EEC7CF3425034396003389AB /* FieldFab */ = {
			isa = PBXGroup;
			children = (
				EE97EC7A295E190A00A9FDBC /* ConceptTesting */,
				EE8D395B25831C7600A1AC39 /* AppMain.swift */,
				EE8D396425831DEE00A1AC39 /* AppState.swift */,
				EE9022BC258EC87C00EE0C9A /* AppView.swift */,
				EEC7CF3B25034397003389AB /* Assets.xcassets */,
				EE29E42725086B01007F4036 /* FieldFab.entitlements */,
				EEC7CF4325034397003389AB /* Info.plist */,
				EEC7CF4025034397003389AB /* LaunchScreen.storyboard */,
				EE97EC76295DF24700A9FDBC /* Modules */,
				EE29E40625053CFD007F4036 /* SharedComponents */,
				EEFD73E52960A5F6002E20FB /* Extensions.swift */,
				EEFD73E72960A7BB002E20FB /* Math.swift */,
				EEFD73F129626960002E20FB /* Scene.scn */,
			);
			path = FieldFab;
			sourceTree = "<group>";
		};
		EEC7CF4B25034397003389AB /* FieldFabTests */ = {
			isa = PBXGroup;
			children = (
				EEC7CF4C25034397003389AB /* FieldFabTests.swift */,
				EEC7CF4E25034397003389AB /* Info.plist */,
			);
			path = FieldFabTests;
			sourceTree = "<group>";
		};
		EEC7CF5625034397003389AB /* FieldFabUITests */ = {
			isa = PBXGroup;
			children = (
				EEC7CF5725034397003389AB /* FieldFabUITests.swift */,
				EEC7CF5925034397003389AB /* Info.plist */,
			);
			path = FieldFabUITests;
			sourceTree = "<group>";
		};
		EEFD73E0295FC66B002E20FB /* DuctTransitionPages */ = {
			isa = PBXGroup;
			children = (
				EEFD73E1295FC693002E20FB /* DuctTransitionWorkshop.swift */,
				EEFD73EB2960F2BB002E20FB /* DuctTransitionEditor.swift */,
				EEFD73EF29625CE6002E20FB /* DuctTransition3DView.swift */,
			);
			path = DuctTransitionPages;
			sourceTree = "<group>";
		};
/* End PBXGroup section */

/* Begin PBXNativeTarget section */
		EEC7CF3125034396003389AB /* FieldFab */ = {
			isa = PBXNativeTarget;
			buildConfigurationList = EEC7CF5C25034397003389AB /* Build configuration list for PBXNativeTarget "FieldFab" */;
			buildPhases = (
				EEC7CF2E25034396003389AB /* Sources */,
				EEC7CF2F25034396003389AB /* Frameworks */,
				EEC7CF3025034396003389AB /* Resources */,
				EEA7986D296A260F00D28867 /* ShellScript */,
			);
			buildRules = (
			);
			dependencies = (
				EE8D3995258327A100A1AC39 /* PBXTargetDependency */,
			);
			name = FieldFab;
			packageProductDependencies = (
				EEFB98D72526CCA8008AB605 /* Disk */,
				EE8D398F258326B700A1AC39 /* VectorExtensions */,
				EEB3AE7B258CE95100285C20 /* VectorExtensions */,
				EE12F1812592F6F8007F5CE4 /* PopupView */,
				EE6C3B9A2599778300AA70AE /* StringFix */,
				EE9FEB9B296909B800B3C12A /* AppReview */,
				EE25E477296A07F7000C7451 /* HotSwiftUI */,
			);
			productName = FieldFab;
			productReference = EEC7CF3225034396003389AB /* FieldFab.app */;
			productType = "com.apple.product-type.application";
		};
		EEC7CF4725034397003389AB /* FieldFabTests */ = {
			isa = PBXNativeTarget;
			buildConfigurationList = EEC7CF5F25034397003389AB /* Build configuration list for PBXNativeTarget "FieldFabTests" */;
			buildPhases = (
				EEC7CF4425034397003389AB /* Sources */,
				EEC7CF4525034397003389AB /* Frameworks */,
				EEC7CF4625034397003389AB /* Resources */,
			);
			buildRules = (
			);
			dependencies = (
				EEC7CF4A25034397003389AB /* PBXTargetDependency */,
			);
			name = FieldFabTests;
			productName = FieldFabTests;
			productReference = EEC7CF4825034397003389AB /* FieldFabTests.xctest */;
			productType = "com.apple.product-type.bundle.unit-test";
		};
		EEC7CF5225034397003389AB /* FieldFabUITests */ = {
			isa = PBXNativeTarget;
			buildConfigurationList = EEC7CF6225034397003389AB /* Build configuration list for PBXNativeTarget "FieldFabUITests" */;
			buildPhases = (
				EEC7CF4F25034397003389AB /* Sources */,
				EEC7CF5025034397003389AB /* Frameworks */,
				EEC7CF5125034397003389AB /* Resources */,
			);
			buildRules = (
			);
			dependencies = (
				EEC7CF5525034397003389AB /* PBXTargetDependency */,
			);
			name = FieldFabUITests;
			productName = FieldFabUITests;
			productReference = EEC7CF5325034397003389AB /* FieldFabUITests.xctest */;
			productType = "com.apple.product-type.bundle.ui-testing";
		};
/* End PBXNativeTarget section */

/* Begin PBXProject section */
		EEC7CF2A25034396003389AB /* Project object */ = {
			isa = PBXProject;
			attributes = {
				LastSwiftUpdateCheck = 1160;
				LastUpgradeCheck = 1420;
				ORGANIZATIONNAME = "Robert Sale";
				TargetAttributes = {
					EEC7CF3125034396003389AB = {
						CreatedOnToolsVersion = 11.6;
						LastSwiftMigration = 1200;
					};
					EEC7CF4725034397003389AB = {
						CreatedOnToolsVersion = 11.6;
						TestTargetID = EEC7CF3125034396003389AB;
					};
					EEC7CF5225034397003389AB = {
						CreatedOnToolsVersion = 11.6;
						TestTargetID = EEC7CF3125034396003389AB;
					};
				};
			};
			buildConfigurationList = EEC7CF2D25034396003389AB /* Build configuration list for PBXProject "FieldFab" */;
			compatibilityVersion = "Xcode 9.3";
			developmentRegion = en;
			hasScannedForEncodings = 0;
			knownRegions = (
				en,
				Base,
			);
			mainGroup = EEC7CF2925034396003389AB;
			packageReferences = (
				EEFB98D62526CCA8008AB605 /* XCRemoteSwiftPackageReference "Disk" */,
				EEB3AE7A258CE95100285C20 /* XCRemoteSwiftPackageReference "VectorExtensions" */,
				EE12F1802592F6F8007F5CE4 /* XCRemoteSwiftPackageReference "PopupView" */,
				EE6C3B992599778300AA70AE /* XCRemoteSwiftPackageReference "StringFix" */,
				EE9FEB9A296909B800B3C12A /* XCRemoteSwiftPackageReference "AppReview" */,
				EE25E4712969F1AF000C7451 /* XCRemoteSwiftPackageReference "HotSwiftUI" */,
			);
			productRefGroup = EEC7CF3325034396003389AB /* Products */;
			projectDirPath = "";
			projectRoot = "";
			targets = (
				EEC7CF3125034396003389AB /* FieldFab */,
				EEC7CF4725034397003389AB /* FieldFabTests */,
				EEC7CF5225034397003389AB /* FieldFabUITests */,
			);
		};
/* End PBXProject section */

/* Begin PBXResourcesBuildPhase section */
		EEC7CF3025034396003389AB /* Resources */ = {
			isa = PBXResourcesBuildPhase;
			buildActionMask = 2147483647;
			files = (
				EEFD73F229626960002E20FB /* Scene.scn in Resources */,
				EEC7CF4225034397003389AB /* LaunchScreen.storyboard in Resources */,
				EEA79871296A270800D28867 /* SimulatorsList.txt in Resources */,
				EEC7CF3C25034397003389AB /* Assets.xcassets in Resources */,
				EEA79870296A270800D28867 /* multiSimStart.sh in Resources */,
			);
			runOnlyForDeploymentPostprocessing = 0;
		};
		EEC7CF4625034397003389AB /* Resources */ = {
			isa = PBXResourcesBuildPhase;
			buildActionMask = 2147483647;
			files = (
			);
			runOnlyForDeploymentPostprocessing = 0;
		};
		EEC7CF5125034397003389AB /* Resources */ = {
			isa = PBXResourcesBuildPhase;
			buildActionMask = 2147483647;
			files = (
			);
			runOnlyForDeploymentPostprocessing = 0;
		};
/* End PBXResourcesBuildPhase section */

/* Begin PBXShellScriptBuildPhase section */
		EEA7986D296A260F00D28867 /* ShellScript */ = {
			isa = PBXShellScriptBuildPhase;
			buildActionMask = 2147483647;
			files = (
			);
			inputFileListPaths = (
			);
			inputPaths = (
			);
			outputFileListPaths = (
			);
			outputPaths = (
			);
			runOnlyForDeploymentPostprocessing = 0;
			shellPath = /bin/sh;
			shellScript = "custom_sim=`xcrun simctl list | grep 'Multiple Simulators' | awk -F'[()]' '{print $2}'`\nif [ ! -z \"${custom_sim}\" ] && [ \"${TARGET_DEVICE_IDENTIFIER}\" = \"${custom_sim}\" ]; then\n/bin/sh multiSimStart.sh\nfi\n";
		};
/* End PBXShellScriptBuildPhase section */

/* Begin PBXSourcesBuildPhase section */
		EEC7CF2E25034396003389AB /* Sources */ = {
			isa = PBXSourcesBuildPhase;
			buildActionMask = 2147483647;
			files = (
				EE6C3BB2259C3F3700AA70AE /* DuctTransitionCameraHelpView.swift in Sources */,
				EE9FEB9E29690CA000B3C12A /* DuctTransitionToPDF.swift in Sources */,
				EEFD73E62960A5F6002E20FB /* Extensions.swift in Sources */,
				EEFD73EE2961156B002E20FB /* DuctTransitionDuctSideView.swift in Sources */,
				EE6C3B94259969B600AA70AE /* AboutView.swift in Sources */,
				EE97EC73295A3D5E00A9FDBC /* InchKeyboard.swift in Sources */,
				EE39100D2963D4F4000E7331 /* ActivityView.swift in Sources */,
				EE6C3B95259969B600AA70AE /* DuctTransitionHelpView.swift in Sources */,
				EEFD73DF295FAC0C002E20FB /* DuctTransitionSettingsView.swift in Sources */,
				EE9022BD258EC87C00EE0C9A /* AppView.swift in Sources */,
				EEFD73E429609924002E20FB /* DuctTransitionDataTypes.swift in Sources */,
				EE97EC75295A3E5800A9FDBC /* KBButton.swift in Sources */,
				EE8D396525831DEE00A1AC39 /* AppState.swift in Sources */,
				EEFD73F029625CE6002E20FB /* DuctTransition3DView.swift in Sources */,
				EE97EC83295E24CA00A9FDBC /* DuctTransitionModuleState.swift in Sources */,
				EE8D395C25831C7600A1AC39 /* AppMain.swift in Sources */,
				EE97EC7C295E192E00A9FDBC /* VectorManipulation.swift in Sources */,
				EE97EC85295E26E400A9FDBC /* ModuleProtocol.swift in Sources */,
				EEFD73EC2960F2BB002E20FB /* DuctTransitionEditor.swift in Sources */,
				EEFD73E82960A7BB002E20FB /* Math.swift in Sources */,
				EEFD73DD295F5FC4002E20FB /* ReflectionAPI.swift in Sources */,
				EEDFF21F2546021B00FD9D51 /* VisualEffectView.swift in Sources */,
				EE3910102963DCD4000E7331 /* BalancePointCalcView.swift in Sources */,
				EEFD73EA2960E91A002E20FB /* DuctTransitionNewSessionView.swift in Sources */,
				EE97EC80295E23A600A9FDBC /* DuctTransitionModuleView.swift in Sources */,
				EEFD73E2295FC693002E20FB /* DuctTransitionWorkshop.swift in Sources */,
				7E89E14873ACECE13D83E76A /* IntakeCalculatorModule.swift in Sources */,
			);
			runOnlyForDeploymentPostprocessing = 0;
		};
		EEC7CF4425034397003389AB /* Sources */ = {
			isa = PBXSourcesBuildPhase;
			buildActionMask = 2147483647;
			files = (
				EEC7CF4D25034397003389AB /* FieldFabTests.swift in Sources */,
			);
			runOnlyForDeploymentPostprocessing = 0;
		};
		EEC7CF4F25034397003389AB /* Sources */ = {
			isa = PBXSourcesBuildPhase;
			buildActionMask = 2147483647;
			files = (
				EEC7CF5825034397003389AB /* FieldFabUITests.swift in Sources */,
			);
			runOnlyForDeploymentPostprocessing = 0;
		};
/* End PBXSourcesBuildPhase section */

/* Begin PBXTargetDependency section */
		EE8D3995258327A100A1AC39 /* PBXTargetDependency */ = {
			isa = PBXTargetDependency;
			productRef = EE8D3994258327A100A1AC39 /* VectorExtensions */;
		};
		EEC7CF4A25034397003389AB /* PBXTargetDependency */ = {
			isa = PBXTargetDependency;
			target = EEC7CF3125034396003389AB /* FieldFab */;
			targetProxy = EEC7CF4925034397003389AB /* PBXContainerItemProxy */;
		};
		EEC7CF5525034397003389AB /* PBXTargetDependency */ = {
			isa = PBXTargetDependency;
			target = EEC7CF3125034396003389AB /* FieldFab */;
			targetProxy = EEC7CF5425034397003389AB /* PBXContainerItemProxy */;
		};
/* End PBXTargetDependency section */

/* Begin PBXVariantGroup section */
		EEC7CF4025034397003389AB /* LaunchScreen.storyboard */ = {
			isa = PBXVariantGroup;
			children = (
				EEC7CF4125034397003389AB /* Base */,
			);
			name = LaunchScreen.storyboard;
			sourceTree = "<group>";
		};
/* End PBXVariantGroup section */

/* Begin XCBuildConfiguration section */
		EEC7CF5A25034397003389AB /* Debug */ = {
			isa = XCBuildConfiguration;
			buildSettings = {
				ALWAYS_SEARCH_USER_PATHS = NO;
				CLANG_ANALYZER_NONNULL = YES;
				CLANG_ANALYZER_NUMBER_OBJECT_CONVERSION = YES_AGGRESSIVE;
				CLANG_CXX_LANGUAGE_STANDARD = "gnu++14";
				CLANG_CXX_LIBRARY = "libc++";
				CLANG_ENABLE_MODULES = YES;
				CLANG_ENABLE_OBJC_ARC = YES;
				CLANG_ENABLE_OBJC_WEAK = YES;
				CLANG_WARN_BLOCK_CAPTURE_AUTORELEASING = YES;
				CLANG_WARN_BOOL_CONVERSION = YES;
				CLANG_WARN_COMMA = YES;
				CLANG_WARN_CONSTANT_CONVERSION = YES;
				CLANG_WARN_DEPRECATED_OBJC_IMPLEMENTATIONS = YES;
				CLANG_WARN_DIRECT_OBJC_ISA_USAGE = YES_ERROR;
				CLANG_WARN_DOCUMENTATION_COMMENTS = YES;
				CLANG_WARN_EMPTY_BODY = YES;
				CLANG_WARN_ENUM_CONVERSION = YES;
				CLANG_WARN_INFINITE_RECURSION = YES;
				CLANG_WARN_INT_CONVERSION = YES;
				CLANG_WARN_NON_LITERAL_NULL_CONVERSION = YES;
				CLANG_WARN_OBJC_IMPLICIT_RETAIN_SELF = YES;
				CLANG_WARN_OBJC_LITERAL_CONVERSION = YES;
				CLANG_WARN_OBJC_ROOT_CLASS = YES_ERROR;
				CLANG_WARN_QUOTED_INCLUDE_IN_FRAMEWORK_HEADER = YES;
				CLANG_WARN_RANGE_LOOP_ANALYSIS = YES;
				CLANG_WARN_STRICT_PROTOTYPES = YES;
				CLANG_WARN_SUSPICIOUS_MOVE = YES;
				CLANG_WARN_UNGUARDED_AVAILABILITY = YES_AGGRESSIVE;
				CLANG_WARN_UNREACHABLE_CODE = YES;
				CLANG_WARN__DUPLICATE_METHOD_MATCH = YES;
				COPY_PHASE_STRIP = NO;
				DEBUG_INFORMATION_FORMAT = dwarf;
				ENABLE_STRICT_OBJC_MSGSEND = YES;
				ENABLE_TESTABILITY = YES;
				GCC_C_LANGUAGE_STANDARD = gnu11;
				GCC_DYNAMIC_NO_PIC = NO;
				GCC_NO_COMMON_BLOCKS = YES;
				GCC_OPTIMIZATION_LEVEL = 0;
				GCC_PREPROCESSOR_DEFINITIONS = (
					"DEBUG=1",
					"$(inherited)",
				);
				GCC_WARN_64_TO_32_BIT_CONVERSION = YES;
				GCC_WARN_ABOUT_RETURN_TYPE = YES_ERROR;
				GCC_WARN_UNDECLARED_SELECTOR = YES;
				GCC_WARN_UNINITIALIZED_AUTOS = YES_AGGRESSIVE;
				GCC_WARN_UNUSED_FUNCTION = YES;
				GCC_WARN_UNUSED_VARIABLE = YES;
				IPHONEOS_DEPLOYMENT_TARGET = 14.0;
				MTL_ENABLE_DEBUG_INFO = INCLUDE_SOURCE;
				MTL_FAST_MATH = YES;
				NEW_SETTING = "";
				ONLY_ACTIVE_ARCH = YES;
				OTHER_LDFLAGS = (
					"-Xlinker",
					"-interposable",
				);
				OTHER_SWIFT_FLAGS = "-Xfrontend -debug-time-function-bodies";
				SDKROOT = iphoneos;
				STRIP_STYLE = debugging;
				SWIFT_ACTIVE_COMPILATION_CONDITIONS = DEBUG;
				SWIFT_OPTIMIZATION_LEVEL = "-Onone";
				TARGETED_DEVICE_FAMILY = "1,2";
			};
			name = Debug;
		};
		EEC7CF5B25034397003389AB /* Release */ = {
			isa = XCBuildConfiguration;
			buildSettings = {
				ALWAYS_SEARCH_USER_PATHS = NO;
				CLANG_ANALYZER_NONNULL = YES;
				CLANG_ANALYZER_NUMBER_OBJECT_CONVERSION = YES_AGGRESSIVE;
				CLANG_CXX_LANGUAGE_STANDARD = "gnu++14";
				CLANG_CXX_LIBRARY = "libc++";
				CLANG_ENABLE_MODULES = YES;
				CLANG_ENABLE_OBJC_ARC = YES;
				CLANG_ENABLE_OBJC_WEAK = YES;
				CLANG_WARN_BLOCK_CAPTURE_AUTORELEASING = YES;
				CLANG_WARN_BOOL_CONVERSION = YES;
				CLANG_WARN_COMMA = YES;
				CLANG_WARN_CONSTANT_CONVERSION = YES;
				CLANG_WARN_DEPRECATED_OBJC_IMPLEMENTATIONS = YES;
				CLANG_WARN_DIRECT_OBJC_ISA_USAGE = YES_ERROR;
				CLANG_WARN_DOCUMENTATION_COMMENTS = YES;
				CLANG_WARN_EMPTY_BODY = YES;
				CLANG_WARN_ENUM_CONVERSION = YES;
				CLANG_WARN_INFINITE_RECURSION = YES;
				CLANG_WARN_INT_CONVERSION = YES;
				CLANG_WARN_NON_LITERAL_NULL_CONVERSION = YES;
				CLANG_WARN_OBJC_IMPLICIT_RETAIN_SELF = YES;
				CLANG_WARN_OBJC_LITERAL_CONVERSION = YES;
				CLANG_WARN_OBJC_ROOT_CLASS = YES_ERROR;
				CLANG_WARN_QUOTED_INCLUDE_IN_FRAMEWORK_HEADER = YES;
				CLANG_WARN_RANGE_LOOP_ANALYSIS = YES;
				CLANG_WARN_STRICT_PROTOTYPES = YES;
				CLANG_WARN_SUSPICIOUS_MOVE = YES;
				CLANG_WARN_UNGUARDED_AVAILABILITY = YES_AGGRESSIVE;
				CLANG_WARN_UNREACHABLE_CODE = YES;
				CLANG_WARN__DUPLICATE_METHOD_MATCH = YES;
				COPY_PHASE_STRIP = NO;
				DEBUG_INFORMATION_FORMAT = "dwarf-with-dsym";
				ENABLE_NS_ASSERTIONS = NO;
				ENABLE_STRICT_OBJC_MSGSEND = YES;
				GCC_C_LANGUAGE_STANDARD = gnu11;
				GCC_NO_COMMON_BLOCKS = YES;
				GCC_WARN_64_TO_32_BIT_CONVERSION = YES;
				GCC_WARN_ABOUT_RETURN_TYPE = YES_ERROR;
				GCC_WARN_UNDECLARED_SELECTOR = YES;
				GCC_WARN_UNINITIALIZED_AUTOS = YES_AGGRESSIVE;
				GCC_WARN_UNUSED_FUNCTION = YES;
				GCC_WARN_UNUSED_VARIABLE = YES;
				IPHONEOS_DEPLOYMENT_TARGET = 14.0;
				MTL_ENABLE_DEBUG_INFO = NO;
				MTL_FAST_MATH = YES;
				NEW_SETTING = "";
				OTHER_LDFLAGS = (
					"-Xlinker",
					"-interposable",
				);
				OTHER_SWIFT_FLAGS = "-Xfrontend -debug-time-function-bodies";
				SDKROOT = iphoneos;
				STRIP_STYLE = debugging;
				SWIFT_COMPILATION_MODE = wholemodule;
				SWIFT_OPTIMIZATION_LEVEL = "-O";
				TARGETED_DEVICE_FAMILY = "1,2";
				VALIDATE_PRODUCT = YES;
			};
			name = Release;
		};
		EEC7CF5D25034397003389AB /* Debug */ = {
			isa = XCBuildConfiguration;
			buildSettings = {
				ASSETCATALOG_COMPILER_APPICON_NAME = AppIcon;
				CLANG_ENABLE_MODULES = YES;
				CODE_SIGN_ENTITLEMENTS = FieldFab/FieldFab.entitlements;
				CODE_SIGN_STYLE = Automatic;
				CURRENT_PROJECT_VERSION = 3.0.4;
				DEVELOPMENT_ASSET_PATHS = "";
				DEVELOPMENT_TEAM = J737B85W5Z;
				ENABLE_PREVIEWS = YES;
				INFOPLIST_FILE = FieldFab/Info.plist;
				INFOPLIST_KEY_LSApplicationCategoryType = "public.app-category.graphics-design";
				IPHONEOS_DEPLOYMENT_TARGET = 16;
				"IPHONEOS_DEPLOYMENT_TARGET[sdk=macosx*]" = 16;
				LD_RUNPATH_SEARCH_PATHS = (
					"$(inherited)",
					"@executable_path/Frameworks",
				);
				MARKETING_VERSION = 3.0.4;
				OTHER_LDFLAGS = (
					"-Xlinker",
					"-interposable",
				);
				PRODUCT_BUNDLE_IDENTIFIER = Just1Guy.FieldFab;
				PRODUCT_NAME = "$(TARGET_NAME)";
				STRIP_STYLE = all;
				SUPPORTS_MACCATALYST = YES;
				SWIFT_OBJC_BRIDGING_HEADER = "";
				SWIFT_OPTIMIZATION_LEVEL = "-Onone";
				SWIFT_VERSION = 5.0;
				TARGETED_DEVICE_FAMILY = "1,2";
			};
			name = Debug;
		};
		EEC7CF5E25034397003389AB /* Release */ = {
			isa = XCBuildConfiguration;
			buildSettings = {
				ASSETCATALOG_COMPILER_APPICON_NAME = AppIcon;
				CLANG_ENABLE_MODULES = YES;
				CODE_SIGN_ENTITLEMENTS = FieldFab/FieldFab.entitlements;
				CODE_SIGN_STYLE = Automatic;
				CURRENT_PROJECT_VERSION = 3.0.4;
				DEVELOPMENT_ASSET_PATHS = "";
				DEVELOPMENT_TEAM = J737B85W5Z;
				ENABLE_PREVIEWS = YES;
				INFOPLIST_FILE = FieldFab/Info.plist;
				INFOPLIST_KEY_LSApplicationCategoryType = "public.app-category.graphics-design";
				IPHONEOS_DEPLOYMENT_TARGET = 16;
				"IPHONEOS_DEPLOYMENT_TARGET[sdk=macosx*]" = 16;
				LD_RUNPATH_SEARCH_PATHS = (
					"$(inherited)",
					"@executable_path/Frameworks",
				);
				MARKETING_VERSION = 3.0.4;
				OTHER_LDFLAGS = "";
				PRODUCT_BUNDLE_IDENTIFIER = Just1Guy.FieldFab;
				PRODUCT_NAME = "$(TARGET_NAME)";
				STRIP_STYLE = all;
				SUPPORTS_MACCATALYST = YES;
				SWIFT_OBJC_BRIDGING_HEADER = "";
				SWIFT_VERSION = 5.0;
				TARGETED_DEVICE_FAMILY = "1,2";
			};
			name = Release;
		};
		EEC7CF6025034397003389AB /* Debug */ = {
			isa = XCBuildConfiguration;
			buildSettings = {
				ALWAYS_EMBED_SWIFT_STANDARD_LIBRARIES = YES;
				BUNDLE_LOADER = "$(TEST_HOST)";
				CODE_SIGN_STYLE = Automatic;
				DEVELOPMENT_TEAM = J737B85W5Z;
				INFOPLIST_FILE = FieldFabTests/Info.plist;
				IPHONEOS_DEPLOYMENT_TARGET = 13.6;
				LD_RUNPATH_SEARCH_PATHS = (
					"$(inherited)",
					"@executable_path/Frameworks",
					"@loader_path/Frameworks",
				);
				PRODUCT_BUNDLE_IDENTIFIER = Just1Guy.FieldFabTests;
				PRODUCT_NAME = "$(TARGET_NAME)";
				SWIFT_VERSION = 5.0;
				TARGETED_DEVICE_FAMILY = "1,2";
				TEST_HOST = "$(BUILT_PRODUCTS_DIR)/FieldFab.app/FieldFab";
			};
			name = Debug;
		};
		EEC7CF6125034397003389AB /* Release */ = {
			isa = XCBuildConfiguration;
			buildSettings = {
				ALWAYS_EMBED_SWIFT_STANDARD_LIBRARIES = YES;
				BUNDLE_LOADER = "$(TEST_HOST)";
				CODE_SIGN_STYLE = Automatic;
				DEVELOPMENT_TEAM = J737B85W5Z;
				INFOPLIST_FILE = FieldFabTests/Info.plist;
				IPHONEOS_DEPLOYMENT_TARGET = 13.6;
				LD_RUNPATH_SEARCH_PATHS = (
					"$(inherited)",
					"@executable_path/Frameworks",
					"@loader_path/Frameworks",
				);
				PRODUCT_BUNDLE_IDENTIFIER = Just1Guy.FieldFabTests;
				PRODUCT_NAME = "$(TARGET_NAME)";
				SWIFT_VERSION = 5.0;
				TARGETED_DEVICE_FAMILY = "1,2";
				TEST_HOST = "$(BUILT_PRODUCTS_DIR)/FieldFab.app/FieldFab";
			};
			name = Release;
		};
		EEC7CF6325034397003389AB /* Debug */ = {
			isa = XCBuildConfiguration;
			buildSettings = {
				ALWAYS_EMBED_SWIFT_STANDARD_LIBRARIES = YES;
				CODE_SIGN_STYLE = Automatic;
				DEVELOPMENT_TEAM = J737B85W5Z;
				INFOPLIST_FILE = FieldFabUITests/Info.plist;
				LD_RUNPATH_SEARCH_PATHS = (
					"$(inherited)",
					"@executable_path/Frameworks",
					"@loader_path/Frameworks",
				);
				PRODUCT_BUNDLE_IDENTIFIER = Just1Guy.FieldFabUITests;
				PRODUCT_NAME = "$(TARGET_NAME)";
				SWIFT_VERSION = 5.0;
				TARGETED_DEVICE_FAMILY = "1,2";
				TEST_TARGET_NAME = FieldFab;
			};
			name = Debug;
		};
		EEC7CF6425034397003389AB /* Release */ = {
			isa = XCBuildConfiguration;
			buildSettings = {
				ALWAYS_EMBED_SWIFT_STANDARD_LIBRARIES = YES;
				CODE_SIGN_STYLE = Automatic;
				DEVELOPMENT_TEAM = J737B85W5Z;
				INFOPLIST_FILE = FieldFabUITests/Info.plist;
				LD_RUNPATH_SEARCH_PATHS = (
					"$(inherited)",
					"@executable_path/Frameworks",
					"@loader_path/Frameworks",
				);
				PRODUCT_BUNDLE_IDENTIFIER = Just1Guy.FieldFabUITests;
				PRODUCT_NAME = "$(TARGET_NAME)";
				SWIFT_VERSION = 5.0;
				TARGETED_DEVICE_FAMILY = "1,2";
				TEST_TARGET_NAME = FieldFab;
			};
			name = Release;
		};
/* End XCBuildConfiguration section */

/* Begin XCConfigurationList section */
		EEC7CF2D25034396003389AB /* Build configuration list for PBXProject "FieldFab" */ = {
			isa = XCConfigurationList;
			buildConfigurations = (
				EEC7CF5A25034397003389AB /* Debug */,
				EEC7CF5B25034397003389AB /* Release */,
			);
			defaultConfigurationIsVisible = 0;
			defaultConfigurationName = Release;
		};
		EEC7CF5C25034397003389AB /* Build configuration list for PBXNativeTarget "FieldFab" */ = {
			isa = XCConfigurationList;
			buildConfigurations = (
				EEC7CF5D25034397003389AB /* Debug */,
				EEC7CF5E25034397003389AB /* Release */,
			);
			defaultConfigurationIsVisible = 0;
			defaultConfigurationName = Release;
		};
		EEC7CF5F25034397003389AB /* Build configuration list for PBXNativeTarget "FieldFabTests" */ = {
			isa = XCConfigurationList;
			buildConfigurations = (
				EEC7CF6025034397003389AB /* Debug */,
				EEC7CF6125034397003389AB /* Release */,
			);
			defaultConfigurationIsVisible = 0;
			defaultConfigurationName = Release;
		};
		EEC7CF6225034397003389AB /* Build configuration list for PBXNativeTarget "FieldFabUITests" */ = {
			isa = XCConfigurationList;
			buildConfigurations = (
				EEC7CF6325034397003389AB /* Debug */,
				EEC7CF6425034397003389AB /* Release */,
			);
			defaultConfigurationIsVisible = 0;
			defaultConfigurationName = Release;
		};
/* End XCConfigurationList section */

/* Begin XCRemoteSwiftPackageReference section */
		EE12F1802592F6F8007F5CE4 /* XCRemoteSwiftPackageReference "PopupView" */ = {
			isa = XCRemoteSwiftPackageReference;
			repositoryURL = "https://github.com/exyte/PopupView";
			requirement = {
				kind = upToNextMajorVersion;
				minimumVersion = 0.0.10;
			};
		};
		EE25E4712969F1AF000C7451 /* XCRemoteSwiftPackageReference "HotSwiftUI" */ = {
			isa = XCRemoteSwiftPackageReference;
			repositoryURL = "https://github.com/johnno1962/HotSwiftUI";
			requirement = {
				branch = main;
				kind = branch;
			};
		};
		EE6C3B992599778300AA70AE /* XCRemoteSwiftPackageReference "StringFix" */ = {
			isa = XCRemoteSwiftPackageReference;
			repositoryURL = "https://github.com/robertmsale/StringFix";
			requirement = {
				kind = upToNextMajorVersion;
				minimumVersion = 1.0.0;
			};
		};
		EE9FEB9A296909B800B3C12A /* XCRemoteSwiftPackageReference "AppReview" */ = {
			isa = XCRemoteSwiftPackageReference;
			repositoryURL = "https://github.com/mezhevikin/AppReview";
			requirement = {
				kind = upToNextMajorVersion;
				minimumVersion = 0.0.2;
			};
		};
		EEB3AE7A258CE95100285C20 /* XCRemoteSwiftPackageReference "VectorExtensions" */ = {
			isa = XCRemoteSwiftPackageReference;
			repositoryURL = "https://github.com/robertmsale/VectorExtensions";
			requirement = {
				kind = upToNextMajorVersion;
				minimumVersion = 1.0.0;
			};
		};
		EEFB98D62526CCA8008AB605 /* XCRemoteSwiftPackageReference "Disk" */ = {
			isa = XCRemoteSwiftPackageReference;
			repositoryURL = "https://github.com/saoudrizwan/Disk";
			requirement = {
				kind = upToNextMajorVersion;
				minimumVersion = 0.6.4;
			};
		};
/* End XCRemoteSwiftPackageReference section */

/* Begin XCSwiftPackageProductDependency section */
		EE12F1812592F6F8007F5CE4 /* PopupView */ = {
			isa = XCSwiftPackageProductDependency;
			package = EE12F1802592F6F8007F5CE4 /* XCRemoteSwiftPackageReference "PopupView" */;
			productName = PopupView;
		};
		EE25E477296A07F7000C7451 /* HotSwiftUI */ = {
			isa = XCSwiftPackageProductDependency;
			package = EE25E4712969F1AF000C7451 /* XCRemoteSwiftPackageReference "HotSwiftUI" */;
			productName = HotSwiftUI;
		};
		EE6C3B9A2599778300AA70AE /* StringFix */ = {
			isa = XCSwiftPackageProductDependency;
			package = EE6C3B992599778300AA70AE /* XCRemoteSwiftPackageReference "StringFix" */;
			productName = StringFix;
		};
		EE8D398F258326B700A1AC39 /* VectorExtensions */ = {
			isa = XCSwiftPackageProductDependency;
			productName = VectorExtensions;
		};
		EE8D3994258327A100A1AC39 /* VectorExtensions */ = {
			isa = XCSwiftPackageProductDependency;
			productName = VectorExtensions;
		};
		EE9FEB9B296909B800B3C12A /* AppReview */ = {
			isa = XCSwiftPackageProductDependency;
			package = EE9FEB9A296909B800B3C12A /* XCRemoteSwiftPackageReference "AppReview" */;
			productName = AppReview;
		};
		EEB3AE7B258CE95100285C20 /* VectorExtensions */ = {
			isa = XCSwiftPackageProductDependency;
			package = EEB3AE7A258CE95100285C20 /* XCRemoteSwiftPackageReference "VectorExtensions" */;
			productName = VectorExtensions;
		};
		EEFB98D72526CCA8008AB605 /* Disk */ = {
			isa = XCSwiftPackageProductDependency;
			package = EEFB98D62526CCA8008AB605 /* XCRemoteSwiftPackageReference "Disk" */;
			productName = Disk;
		};
/* End XCSwiftPackageProductDependency section */
	};
	rootObject = EEC7CF2A25034396003389AB /* Project object */;
}
