// !$*UTF8*$!
{
	archiveVersion = 1;
	classes = {
	};
	objectVersion = 52;
	objects = {

/* Begin PBXBuildFile section */
		EE29E432250D2D16007F4036 /* main.scnassets in Resources */ = {isa = PBXBuildFile; fileRef = EE29E431250D2D16007F4036 /* main.scnassets */; };
		EE8D395C25831C7600A1AC39 /* AppMain.swift in Sources */ = {isa = PBXBuildFile; fileRef = EE8D395B25831C7600A1AC39 /* AppMain.swift */; };
		EE8D396525831DEE00A1AC39 /* AppState.swift in Sources */ = {isa = PBXBuildFile; fileRef = EE8D396425831DEE00A1AC39 /* AppState.swift */; };
		EE8D3990258326B700A1AC39 /* VectorExtensions in Frameworks */ = {isa = PBXBuildFile; productRef = EE8D398F258326B700A1AC39 /* VectorExtensions */; };
		EEB3AE73258BAEF800285C20 /* Duct.swift in Sources */ = {isa = PBXBuildFile; fileRef = EEB3AE72258BAEF800285C20 /* Duct.swift */; };
		EEB3AE7C258CE95100285C20 /* VectorExtensions in Frameworks */ = {isa = PBXBuildFile; productRef = EEB3AE7B258CE95100285C20 /* VectorExtensions */; };
		EEB3AE81258D570100285C20 /* Vector3.swift in Sources */ = {isa = PBXBuildFile; fileRef = EEB3AE80258D570100285C20 /* Vector3.swift */; };
		EEC7CF3C25034397003389AB /* Assets.xcassets in Resources */ = {isa = PBXBuildFile; fileRef = EEC7CF3B25034397003389AB /* Assets.xcassets */; };
		EEC7CF3F25034397003389AB /* Preview Assets.xcassets in Resources */ = {isa = PBXBuildFile; fileRef = EEC7CF3E25034397003389AB /* Preview Assets.xcassets */; };
		EEC7CF4225034397003389AB /* LaunchScreen.storyboard in Resources */ = {isa = PBXBuildFile; fileRef = EEC7CF4025034397003389AB /* LaunchScreen.storyboard */; };
		EEC7CF4D25034397003389AB /* FieldFabTests.swift in Sources */ = {isa = PBXBuildFile; fileRef = EEC7CF4C25034397003389AB /* FieldFabTests.swift */; };
		EEC7CF5825034397003389AB /* FieldFabUITests.swift in Sources */ = {isa = PBXBuildFile; fileRef = EEC7CF5725034397003389AB /* FieldFabUITests.swift */; };
		EEDFF21F2546021B00FD9D51 /* VisualEffectView.swift in Sources */ = {isa = PBXBuildFile; fileRef = EEDFF21E2546021B00FD9D51 /* VisualEffectView.swift */; };
		EEFB98D82526CCA8008AB605 /* Disk in Frameworks */ = {isa = PBXBuildFile; productRef = EEFB98D72526CCA8008AB605 /* Disk */; };
/* End PBXBuildFile section */

/* Begin PBXContainerItemProxy section */
		EEC7CF4925034397003389AB /* PBXContainerItemProxy */ = {
			isa = PBXContainerItemProxy;
			containerPortal = EEC7CF2A25034396003389AB /* Project object */;
			proxyType = 1;
			remoteGlobalIDString = EEC7CF3125034396003389AB;
			remoteInfo = FieldFab;
		};
		EEC7CF5425034397003389AB /* PBXContainerItemProxy */ = {
			isa = PBXContainerItemProxy;
			containerPortal = EEC7CF2A25034396003389AB /* Project object */;
			proxyType = 1;
			remoteGlobalIDString = EEC7CF3125034396003389AB;
			remoteInfo = FieldFab;
		};
/* End PBXContainerItemProxy section */

/* Begin PBXFileReference section */
		EE0D5420252DE20500D89C32 /* ARMenuSheet.swift */ = {isa = PBXFileReference; lastKnownFileType = sourcecode.swift; path = ARMenuSheet.swift; sourceTree = "<group>"; };
		EE1A1434253B574A00C4DFAD /* StringFix.swift */ = {isa = PBXFileReference; lastKnownFileType = sourcecode.swift; path = StringFix.swift; sourceTree = "<group>"; };
		EE1A1439253B5CAD00C4DFAD /* LoadSharedView.swift */ = {isa = PBXFileReference; lastKnownFileType = sourcecode.swift; path = LoadSharedView.swift; sourceTree = "<group>"; };
		EE29E40B2505794D007F4036 /* 2D.swift */ = {isa = PBXFileReference; lastKnownFileType = sourcecode.swift; path = 2D.swift; sourceTree = "<group>"; };
		EE29E40D25057CF1007F4036 /* DuctSideView.swift */ = {isa = PBXFileReference; lastKnownFileType = sourcecode.swift; path = DuctSideView.swift; sourceTree = "<group>"; };
		EE29E4182505F6CA007F4036 /* ControlView.swift */ = {isa = PBXFileReference; lastKnownFileType = sourcecode.swift; path = ControlView.swift; sourceTree = "<group>"; };
		EE29E41A2506A02F007F4036 /* VectorExtensions.swift */ = {isa = PBXFileReference; lastKnownFileType = sourcecode.swift; path = VectorExtensions.swift; sourceTree = "<group>"; };
		EE29E41C2506BF4F007F4036 /* Spherical.swift */ = {isa = PBXFileReference; lastKnownFileType = sourcecode.swift; path = Spherical.swift; sourceTree = "<group>"; };
		EE29E41F2506BFCB007F4036 /* Fraction.swift */ = {isa = PBXFileReference; lastKnownFileType = sourcecode.swift; path = Fraction.swift; sourceTree = "<group>"; };
		EE29E4212506C401007F4036 /* Math.swift */ = {isa = PBXFileReference; lastKnownFileType = sourcecode.swift; path = Math.swift; sourceTree = "<group>"; };
		EE29E4232506CBAD007F4036 /* Quaternion.swift */ = {isa = PBXFileReference; lastKnownFileType = sourcecode.swift; path = Quaternion.swift; sourceTree = "<group>"; };
		EE29E42725086B01007F4036 /* FieldFab.entitlements */ = {isa = PBXFileReference; lastKnownFileType = text.plist.entitlements; path = FieldFab.entitlements; sourceTree = "<group>"; };
		EE29E428250BAC9D007F4036 /* 3D.swift */ = {isa = PBXFileReference; lastKnownFileType = sourcecode.swift; path = 3D.swift; sourceTree = "<group>"; };
		EE29E431250D2D16007F4036 /* main.scnassets */ = {isa = PBXFileReference; lastKnownFileType = wrapper.scnassets; path = main.scnassets; sourceTree = "<group>"; };
		EE8A13C82549E1BA00852939 /* Popup.swift */ = {isa = PBXFileReference; lastKnownFileType = sourcecode.swift; path = Popup.swift; sourceTree = "<group>"; };
		EE8D395B25831C7600A1AC39 /* AppMain.swift */ = {isa = PBXFileReference; lastKnownFileType = sourcecode.swift; path = AppMain.swift; sourceTree = "<group>"; };
		EE8D396425831DEE00A1AC39 /* AppState.swift */ = {isa = PBXFileReference; lastKnownFileType = sourcecode.swift; path = AppState.swift; sourceTree = "<group>"; };
		EE8FB6B025254E10008FA41B /* LoadDuctworkView.swift */ = {isa = PBXFileReference; lastKnownFileType = sourcecode.swift; path = LoadDuctworkView.swift; sourceTree = "<group>"; };
		EE9787992517AC9F003DE8E0 /* Duct.swift */ = {isa = PBXFileReference; lastKnownFileType = sourcecode.swift; path = Duct.swift; sourceTree = "<group>"; };
		EE99FABF2539D08500F27C2C /* ExamplePreview.swift */ = {isa = PBXFileReference; lastKnownFileType = sourcecode.swift; path = ExamplePreview.swift; sourceTree = "<group>"; };
		EEAF2B322516581F0074A516 /* Line.swift */ = {isa = PBXFileReference; lastKnownFileType = sourcecode.swift; path = Line.swift; sourceTree = "<group>"; };
		EEB3AE72258BAEF800285C20 /* Duct.swift */ = {isa = PBXFileReference; lastKnownFileType = sourcecode.swift; path = Duct.swift; sourceTree = "<group>"; };
		EEB3AE80258D570100285C20 /* Vector3.swift */ = {isa = PBXFileReference; lastKnownFileType = sourcecode.swift; path = Vector3.swift; sourceTree = "<group>"; };
		EEC7CF3225034396003389AB /* FieldFab.app */ = {isa = PBXFileReference; explicitFileType = wrapper.application; includeInIndex = 0; path = FieldFab.app; sourceTree = BUILT_PRODUCTS_DIR; };
		EEC7CF3525034396003389AB /* AppDelegate.swift */ = {isa = PBXFileReference; lastKnownFileType = sourcecode.swift; path = AppDelegate.swift; sourceTree = "<group>"; };
		EEC7CF3725034396003389AB /* ContentView.swift */ = {isa = PBXFileReference; lastKnownFileType = sourcecode.swift; path = ContentView.swift; sourceTree = "<group>"; };
		EEC7CF3B25034397003389AB /* Assets.xcassets */ = {isa = PBXFileReference; lastKnownFileType = folder.assetcatalog; path = Assets.xcassets; sourceTree = "<group>"; };
		EEC7CF3E25034397003389AB /* Preview Assets.xcassets */ = {isa = PBXFileReference; lastKnownFileType = folder.assetcatalog; path = "Preview Assets.xcassets"; sourceTree = "<group>"; };
		EEC7CF4125034397003389AB /* Base */ = {isa = PBXFileReference; lastKnownFileType = file.storyboard; name = Base; path = Base.lproj/LaunchScreen.storyboard; sourceTree = "<group>"; };
		EEC7CF4325034397003389AB /* Info.plist */ = {isa = PBXFileReference; lastKnownFileType = text.plist.xml; path = Info.plist; sourceTree = "<group>"; };
		EEC7CF4825034397003389AB /* FieldFabTests.xctest */ = {isa = PBXFileReference; explicitFileType = wrapper.cfbundle; includeInIndex = 0; path = FieldFabTests.xctest; sourceTree = BUILT_PRODUCTS_DIR; };
		EEC7CF4C25034397003389AB /* FieldFabTests.swift */ = {isa = PBXFileReference; lastKnownFileType = sourcecode.swift; path = FieldFabTests.swift; sourceTree = "<group>"; };
		EEC7CF4E25034397003389AB /* Info.plist */ = {isa = PBXFileReference; lastKnownFileType = text.plist.xml; path = Info.plist; sourceTree = "<group>"; };
		EEC7CF5325034397003389AB /* FieldFabUITests.xctest */ = {isa = PBXFileReference; explicitFileType = wrapper.cfbundle; includeInIndex = 0; path = FieldFabUITests.xctest; sourceTree = BUILT_PRODUCTS_DIR; };
		EEC7CF5725034397003389AB /* FieldFabUITests.swift */ = {isa = PBXFileReference; lastKnownFileType = sourcecode.swift; path = FieldFabUITests.swift; sourceTree = "<group>"; };
		EEC7CF5925034397003389AB /* Info.plist */ = {isa = PBXFileReference; lastKnownFileType = text.plist.xml; path = Info.plist; sourceTree = "<group>"; };
		EEC7CF6525034800003389AB /* Controls.swift */ = {isa = PBXFileReference; lastKnownFileType = sourcecode.swift; path = Controls.swift; sourceTree = "<group>"; };
		EEC7CF6C2503E70A003389AB /* Logic.swift */ = {isa = PBXFileReference; lastKnownFileType = sourcecode.swift; path = Logic.swift; sourceTree = "<group>"; };
		EED1CE0F251E775D003E6F08 /* GridView.swift */ = {isa = PBXFileReference; lastKnownFileType = sourcecode.swift; path = GridView.swift; sourceTree = "<group>"; };
		EED1CE5A251F8BF0003E6F08 /* GeometryBuilder.swift */ = {isa = PBXFileReference; lastKnownFileType = sourcecode.swift; path = GeometryBuilder.swift; sourceTree = "<group>"; };
		EED1CE5F251F8C26003E6F08 /* Quad.swift */ = {isa = PBXFileReference; lastKnownFileType = sourcecode.swift; path = Quad.swift; sourceTree = "<group>"; };
		EED1CE64251F8D99003E6F08 /* SCNUtils.swift */ = {isa = PBXFileReference; lastKnownFileType = sourcecode.swift; path = SCNUtils.swift; sourceTree = "<group>"; };
		EED1CE6C251FC876003E6F08 /* CameraHelpView.swift */ = {isa = PBXFileReference; lastKnownFileType = sourcecode.swift; path = CameraHelpView.swift; sourceTree = "<group>"; };
		EED1CE74251FE98E003E6F08 /* FStepper.swift */ = {isa = PBXFileReference; lastKnownFileType = sourcecode.swift; path = FStepper.swift; sourceTree = "<group>"; };
		EED1CE79251FF091003E6F08 /* FText.swift */ = {isa = PBXFileReference; lastKnownFileType = sourcecode.swift; path = FText.swift; sourceTree = "<group>"; };
		EED1CE7E251FFCB9003E6F08 /* HeaderView.swift */ = {isa = PBXFileReference; lastKnownFileType = sourcecode.swift; path = HeaderView.swift; sourceTree = "<group>"; };
		EEDCE8352520D9C200F21FAF /* Colors.swift */ = {isa = PBXFileReference; lastKnownFileType = sourcecode.swift; path = Colors.swift; sourceTree = "<group>"; };
		EEDCE83D2520E93C00F21FAF /* ARContentView.swift */ = {isa = PBXFileReference; lastKnownFileType = sourcecode.swift; path = ARContentView.swift; sourceTree = "<group>"; };
		EEDCE8422520E97A00F21FAF /* ARViewContainer.swift */ = {isa = PBXFileReference; lastKnownFileType = sourcecode.swift; path = ARViewContainer.swift; sourceTree = "<group>"; };
		EEDCE8472520F99900F21FAF /* PlaneAdjustmentView.swift */ = {isa = PBXFileReference; lastKnownFileType = sourcecode.swift; path = PlaneAdjustmentView.swift; sourceTree = "<group>"; };
		EEDCE84C25211A7100F21FAF /* ResetViewButton.swift */ = {isa = PBXFileReference; lastKnownFileType = sourcecode.swift; path = ResetViewButton.swift; sourceTree = "<group>"; };
		EEDCE85125213C7600F21FAF /* RotateButtonView.swift */ = {isa = PBXFileReference; lastKnownFileType = sourcecode.swift; path = RotateButtonView.swift; sourceTree = "<group>"; };
		EEDFF2142545CDB100FD9D51 /* DistanceUnit.swift */ = {isa = PBXFileReference; lastKnownFileType = sourcecode.swift; path = DistanceUnit.swift; sourceTree = "<group>"; };
		EEDFF2192545E63C00FD9D51 /* SelectorWheel.swift */ = {isa = PBXFileReference; lastKnownFileType = sourcecode.swift; path = SelectorWheel.swift; sourceTree = "<group>"; };
		EEDFF21E2546021B00FD9D51 /* VisualEffectView.swift */ = {isa = PBXFileReference; lastKnownFileType = sourcecode.swift; path = VisualEffectView.swift; sourceTree = "<group>"; };
		EEDFF2262546145B00FD9D51 /* ExperimentalFeatures.swift */ = {isa = PBXFileReference; lastKnownFileType = sourcecode.swift; path = ExperimentalFeatures.swift; sourceTree = "<group>"; };
		EEDFF22B25462B7C00FD9D51 /* AdvancedSettingsSheet.swift */ = {isa = PBXFileReference; lastKnownFileType = sourcecode.swift; path = AdvancedSettingsSheet.swift; sourceTree = "<group>"; };
		EEDFF23625464DFC00FD9D51 /* TapWithLocation.swift */ = {isa = PBXFileReference; lastKnownFileType = sourcecode.swift; path = TapWithLocation.swift; sourceTree = "<group>"; };
		EEDFF23B254656FC00FD9D51 /* ObjectHitPopup.swift */ = {isa = PBXFileReference; lastKnownFileType = sourcecode.swift; path = ObjectHitPopup.swift; sourceTree = "<group>"; };
		EEFB98DD2526CF1D008AB605 /* Dimensions.swift */ = {isa = PBXFileReference; lastKnownFileType = sourcecode.swift; path = Dimensions.swift; sourceTree = "<group>"; };
		EEFB98E22526D061008AB605 /* Tabs.swift */ = {isa = PBXFileReference; lastKnownFileType = sourcecode.swift; path = Tabs.swift; sourceTree = "<group>"; };
		EEFB98E72526D296008AB605 /* DB.swift */ = {isa = PBXFileReference; lastKnownFileType = sourcecode.swift; path = DB.swift; sourceTree = "<group>"; };
		EEFB98F12526E2C6008AB605 /* Fractional.swift */ = {isa = PBXFileReference; lastKnownFileType = sourcecode.swift; path = Fractional.swift; sourceTree = "<group>"; };
		EEFB98F92526EA00008AB605 /* UnitText.swift */ = {isa = PBXFileReference; lastKnownFileType = sourcecode.swift; path = UnitText.swift; sourceTree = "<group>"; };
		EEFB98FE25275CFA008AB605 /* StatefulPreviewWrapper.swift */ = {isa = PBXFileReference; lastKnownFileType = sourcecode.swift; path = StatefulPreviewWrapper.swift; sourceTree = "<group>"; };
		EEFB990625276787008AB605 /* LoadDuctworkListItemView.swift */ = {isa = PBXFileReference; lastKnownFileType = sourcecode.swift; path = LoadDuctworkListItemView.swift; sourceTree = "<group>"; };
		EEFB990B25277BBC008AB605 /* ScenePreview.swift */ = {isa = PBXFileReference; lastKnownFileType = sourcecode.swift; path = ScenePreview.swift; sourceTree = "<group>"; };
		EEFB99102527B9EC008AB605 /* HelpView.swift */ = {isa = PBXFileReference; lastKnownFileType = sourcecode.swift; path = HelpView.swift; sourceTree = "<group>"; };
		EEFB99152527BBDB008AB605 /* AboutView.swift */ = {isa = PBXFileReference; lastKnownFileType = sourcecode.swift; path = AboutView.swift; sourceTree = "<group>"; };
		EEFB992E2527DCF0008AB605 /* CarouselView.swift */ = {isa = PBXFileReference; lastKnownFileType = sourcecode.swift; path = CarouselView.swift; sourceTree = "<group>"; };
		EEFB9939252A6F6A008AB605 /* ButtonGroup.swift */ = {isa = PBXFileReference; lastKnownFileType = sourcecode.swift; path = ButtonGroup.swift; sourceTree = "<group>"; };
		EEFB993E252C1A15008AB605 /* ThreeDMenuSheet.swift */ = {isa = PBXFileReference; lastKnownFileType = sourcecode.swift; path = ThreeDMenuSheet.swift; sourceTree = "<group>"; };
/* End PBXFileReference section */

/* Begin PBXFrameworksBuildPhase section */
		EEC7CF2F25034396003389AB /* Frameworks */ = {
			isa = PBXFrameworksBuildPhase;
			buildActionMask = 2147483647;
			files = (
				EEFB98D82526CCA8008AB605 /* Disk in Frameworks */,
				EEB3AE7C258CE95100285C20 /* VectorExtensions in Frameworks */,
				EE8D3990258326B700A1AC39 /* VectorExtensions in Frameworks */,
			);
			runOnlyForDeploymentPostprocessing = 0;
		};
		EEC7CF4525034397003389AB /* Frameworks */ = {
			isa = PBXFrameworksBuildPhase;
			buildActionMask = 2147483647;
			files = (
			);
			runOnlyForDeploymentPostprocessing = 0;
		};
		EEC7CF5025034397003389AB /* Frameworks */ = {
			isa = PBXFrameworksBuildPhase;
			buildActionMask = 2147483647;
			files = (
			);
			runOnlyForDeploymentPostprocessing = 0;
		};
/* End PBXFrameworksBuildPhase section */

/* Begin PBXGroup section */
		EE29E40625053CFD007F4036 /* Components */ = {
			isa = PBXGroup;
			children = (
				EE8A13D02549EA8F00852939 /* Overlays */,
				EE8A13C72549E1A000852939 /* Modifiers */,
				EE8A13D12549EB2D00852939 /* Subviews */,
				EED1CE7E251FFCB9003E6F08 /* HeaderView.swift */,
				EEDFF23B254656FC00FD9D51 /* ObjectHitPopup.swift */,
				EEDFF21E2546021B00FD9D51 /* VisualEffectView.swift */,
				EE8FB6AC252545AE008FA41B /* Controls */,
				EEC7CF3D25034397003389AB /* Preview Content */,
				EE8A13BD2549DB8900852939 /* Sheets */,
				EEC7CF6825034858003389AB /* Tabs */,
			);
			path = Components;
			sourceTree = "<group>";
		};
		EE29E41E2506BF7D007F4036 /* Math */ = {
			isa = PBXGroup;
			children = (
				EE29E41A2506A02F007F4036 /* VectorExtensions.swift */,
				EE29E41C2506BF4F007F4036 /* Spherical.swift */,
				EE29E41F2506BFCB007F4036 /* Fraction.swift */,
				EE29E4212506C401007F4036 /* Math.swift */,
				EE29E4232506CBAD007F4036 /* Quaternion.swift */,
				EEAF2B322516581F0074A516 /* Line.swift */,
				EED1CE5A251F8BF0003E6F08 /* GeometryBuilder.swift */,
				EED1CE5F251F8C26003E6F08 /* Quad.swift */,
				EED1CE64251F8D99003E6F08 /* SCNUtils.swift */,
				EEFB98F12526E2C6008AB605 /* Fractional.swift */,
				EE1A1434253B574A00C4DFAD /* StringFix.swift */,
				EEDFF2142545CDB100FD9D51 /* DistanceUnit.swift */,
			);
			path = Math;
			sourceTree = "<group>";
		};
		EE8A13BD2549DB8900852939 /* Sheets */ = {
			isa = PBXGroup;
			children = (
				EEFB99152527BBDB008AB605 /* AboutView.swift */,
				EEDFF22B25462B7C00FD9D51 /* AdvancedSettingsSheet.swift */,
				EE0D5420252DE20500D89C32 /* ARMenuSheet.swift */,
				EEFB99102527B9EC008AB605 /* HelpView.swift */,
				EE8FB6B025254E10008FA41B /* LoadDuctworkView.swift */,
				EE1A1439253B5CAD00C4DFAD /* LoadSharedView.swift */,
				EEFB993E252C1A15008AB605 /* ThreeDMenuSheet.swift */,
			);
			path = Sheets;
			sourceTree = "<group>";
		};
		EE8A13C72549E1A000852939 /* Modifiers */ = {
			isa = PBXGroup;
			children = (
				EE8A13C82549E1BA00852939 /* Popup.swift */,
			);
			path = Modifiers;
			sourceTree = "<group>";
		};
		EE8A13D02549EA8F00852939 /* Overlays */ = {
			isa = PBXGroup;
			children = (
				EED1CE6C251FC876003E6F08 /* CameraHelpView.swift */,
			);
			path = Overlays;
			sourceTree = "<group>";
		};
		EE8A13D12549EB2D00852939 /* Subviews */ = {
			isa = PBXGroup;
			children = (
				EEDCE83D2520E93C00F21FAF /* ARContentView.swift */,
				EEDCE8422520E97A00F21FAF /* ARViewContainer.swift */,
				EE29E40D25057CF1007F4036 /* DuctSideView.swift */,
				EEFB990625276787008AB605 /* LoadDuctworkListItemView.swift */,
				EEFB990B25277BBC008AB605 /* ScenePreview.swift */,
			);
			path = Subviews;
			sourceTree = "<group>";
		};
		EE8D396025831C8500A1AC39 /* Old */ = {
			isa = PBXGroup;
			children = (
				EE29E41E2506BF7D007F4036 /* Math */,
				EEDCE8342520D9AD00F21FAF /* Globals */,
				EEC7CF3725034396003389AB /* ContentView.swift */,
				EEC7CF3525034396003389AB /* AppDelegate.swift */,
			);
			path = Old;
			sourceTree = "<group>";
		};
		EE8D39692583214B00A1AC39 /* Utility */ = {
			isa = PBXGroup;
			children = (
				EEB3AE72258BAEF800285C20 /* Duct.swift */,
				EEB3AE80258D570100285C20 /* Vector3.swift */,
			);
			path = Utility;
			sourceTree = "<group>";
		};
		EE8D398E258326B700A1AC39 /* Frameworks */ = {
			isa = PBXGroup;
			children = (
			);
			name = Frameworks;
			sourceTree = "<group>";
		};
		EE8FB6AC252545AE008FA41B /* Controls */ = {
			isa = PBXGroup;
			children = (
				EEFB992E2527DCF0008AB605 /* CarouselView.swift */,
				EE29E4182505F6CA007F4036 /* ControlView.swift */,
				EEDFF2192545E63C00FD9D51 /* SelectorWheel.swift */,
				EEFB9939252A6F6A008AB605 /* ButtonGroup.swift */,
				EED1CE74251FE98E003E6F08 /* FStepper.swift */,
				EED1CE79251FF091003E6F08 /* FText.swift */,
				EED1CE0F251E775D003E6F08 /* GridView.swift */,
				EEDCE8472520F99900F21FAF /* PlaneAdjustmentView.swift */,
				EEDCE84C25211A7100F21FAF /* ResetViewButton.swift */,
				EEDCE85125213C7600F21FAF /* RotateButtonView.swift */,
				EEFB98F92526EA00008AB605 /* UnitText.swift */,
			);
			path = Controls;
			sourceTree = "<group>";
		};
		EEC7CF2925034396003389AB = {
			isa = PBXGroup;
			children = (
				EEC7CF3425034396003389AB /* FieldFab */,
				EEC7CF4B25034397003389AB /* FieldFabTests */,
				EEC7CF5625034397003389AB /* FieldFabUITests */,
				EEC7CF3325034396003389AB /* Products */,
				EE8D398E258326B700A1AC39 /* Frameworks */,
			);
			sourceTree = "<group>";
		};
		EEC7CF3325034396003389AB /* Products */ = {
			isa = PBXGroup;
			children = (
				EEC7CF3225034396003389AB /* FieldFab.app */,
				EEC7CF4825034397003389AB /* FieldFabTests.xctest */,
				EEC7CF5325034397003389AB /* FieldFabUITests.xctest */,
			);
			name = Products;
			sourceTree = "<group>";
		};
		EEC7CF3425034396003389AB /* FieldFab */ = {
			isa = PBXGroup;
			children = (
				EE8D395B25831C7600A1AC39 /* AppMain.swift */,
				EE8D396425831DEE00A1AC39 /* AppState.swift */,
				EEC7CF3B25034397003389AB /* Assets.xcassets */,
				EE29E40625053CFD007F4036 /* Components */,
				EEFB98DC2526CEDA008AB605 /* Data Persistence */,
				EE29E42725086B01007F4036 /* FieldFab.entitlements */,
				EEC7CF4325034397003389AB /* Info.plist */,
				EEC7CF4025034397003389AB /* LaunchScreen.storyboard */,
				EE29E431250D2D16007F4036 /* main.scnassets */,
				EE8D396025831C8500A1AC39 /* Old */,
				EE8D39692583214B00A1AC39 /* Utility */,
			);
			path = FieldFab;
			sourceTree = "<group>";
		};
		EEC7CF3D25034397003389AB /* Preview Content */ = {
			isa = PBXGroup;
			children = (
				EE99FABF2539D08500F27C2C /* ExamplePreview.swift */,
				EEC7CF3E25034397003389AB /* Preview Assets.xcassets */,
				EEFB98FE25275CFA008AB605 /* StatefulPreviewWrapper.swift */,
			);
			path = "Preview Content";
			sourceTree = "<group>";
		};
		EEC7CF4B25034397003389AB /* FieldFabTests */ = {
			isa = PBXGroup;
			children = (
				EEC7CF4C25034397003389AB /* FieldFabTests.swift */,
				EEC7CF4E25034397003389AB /* Info.plist */,
			);
			path = FieldFabTests;
			sourceTree = "<group>";
		};
		EEC7CF5625034397003389AB /* FieldFabUITests */ = {
			isa = PBXGroup;
			children = (
				EEC7CF5725034397003389AB /* FieldFabUITests.swift */,
				EEC7CF5925034397003389AB /* Info.plist */,
			);
			path = FieldFabUITests;
			sourceTree = "<group>";
		};
		EEC7CF6825034858003389AB /* Tabs */ = {
			isa = PBXGroup;
			children = (
				EEC7CF6525034800003389AB /* Controls.swift */,
				EE29E40B2505794D007F4036 /* 2D.swift */,
				EE29E428250BAC9D007F4036 /* 3D.swift */,
			);
			path = Tabs;
			sourceTree = "<group>";
		};
		EEDCE8342520D9AD00F21FAF /* Globals */ = {
			isa = PBXGroup;
			children = (
				EE9787992517AC9F003DE8E0 /* Duct.swift */,
				EEC7CF6C2503E70A003389AB /* Logic.swift */,
				EEDCE8352520D9C200F21FAF /* Colors.swift */,
				EEDFF2262546145B00FD9D51 /* ExperimentalFeatures.swift */,
				EEDFF23625464DFC00FD9D51 /* TapWithLocation.swift */,
			);
			path = Globals;
			sourceTree = "<group>";
		};
		EEFB98DC2526CEDA008AB605 /* Data Persistence */ = {
			isa = PBXGroup;
			children = (
				EEFB98DD2526CF1D008AB605 /* Dimensions.swift */,
				EEFB98E22526D061008AB605 /* Tabs.swift */,
				EEFB98E72526D296008AB605 /* DB.swift */,
			);
			path = "Data Persistence";
			sourceTree = "<group>";
		};
/* End PBXGroup section */

/* Begin PBXNativeTarget section */
		EEC7CF3125034396003389AB /* FieldFab */ = {
			isa = PBXNativeTarget;
			buildConfigurationList = EEC7CF5C25034397003389AB /* Build configuration list for PBXNativeTarget "FieldFab" */;
			buildPhases = (
				EEC7CF2E25034396003389AB /* Sources */,
				EEC7CF2F25034396003389AB /* Frameworks */,
				EEC7CF3025034396003389AB /* Resources */,
			);
			buildRules = (
			);
			dependencies = (
				EE8D3995258327A100A1AC39 /* PBXTargetDependency */,
			);
			name = FieldFab;
			packageProductDependencies = (
				EEFB98D72526CCA8008AB605 /* Disk */,
				EE8D398F258326B700A1AC39 /* VectorExtensions */,
				EEB3AE7B258CE95100285C20 /* VectorExtensions */,
			);
			productName = FieldFab;
			productReference = EEC7CF3225034396003389AB /* FieldFab.app */;
			productType = "com.apple.product-type.application";
		};
		EEC7CF4725034397003389AB /* FieldFabTests */ = {
			isa = PBXNativeTarget;
			buildConfigurationList = EEC7CF5F25034397003389AB /* Build configuration list for PBXNativeTarget "FieldFabTests" */;
			buildPhases = (
				EEC7CF4425034397003389AB /* Sources */,
				EEC7CF4525034397003389AB /* Frameworks */,
				EEC7CF4625034397003389AB /* Resources */,
			);
			buildRules = (
			);
			dependencies = (
				EEC7CF4A25034397003389AB /* PBXTargetDependency */,
			);
			name = FieldFabTests;
			productName = FieldFabTests;
			productReference = EEC7CF4825034397003389AB /* FieldFabTests.xctest */;
			productType = "com.apple.product-type.bundle.unit-test";
		};
		EEC7CF5225034397003389AB /* FieldFabUITests */ = {
			isa = PBXNativeTarget;
			buildConfigurationList = EEC7CF6225034397003389AB /* Build configuration list for PBXNativeTarget "FieldFabUITests" */;
			buildPhases = (
				EEC7CF4F25034397003389AB /* Sources */,
				EEC7CF5025034397003389AB /* Frameworks */,
				EEC7CF5125034397003389AB /* Resources */,
			);
			buildRules = (
			);
			dependencies = (
				EEC7CF5525034397003389AB /* PBXTargetDependency */,
			);
			name = FieldFabUITests;
			productName = FieldFabUITests;
			productReference = EEC7CF5325034397003389AB /* FieldFabUITests.xctest */;
			productType = "com.apple.product-type.bundle.ui-testing";
		};
/* End PBXNativeTarget section */

/* Begin PBXProject section */
		EEC7CF2A25034396003389AB /* Project object */ = {
			isa = PBXProject;
			attributes = {
				LastSwiftUpdateCheck = 1160;
				LastUpgradeCheck = 1200;
				ORGANIZATIONNAME = "Robert Sale";
				TargetAttributes = {
					EEC7CF3125034396003389AB = {
						CreatedOnToolsVersion = 11.6;
						LastSwiftMigration = 1200;
					};
					EEC7CF4725034397003389AB = {
						CreatedOnToolsVersion = 11.6;
						TestTargetID = EEC7CF3125034396003389AB;
					};
					EEC7CF5225034397003389AB = {
						CreatedOnToolsVersion = 11.6;
						TestTargetID = EEC7CF3125034396003389AB;
					};
				};
			};
			buildConfigurationList = EEC7CF2D25034396003389AB /* Build configuration list for PBXProject "FieldFab" */;
			compatibilityVersion = "Xcode 9.3";
			developmentRegion = en;
			hasScannedForEncodings = 0;
			knownRegions = (
				en,
				Base,
			);
			mainGroup = EEC7CF2925034396003389AB;
			packageReferences = (
				EEFB98D62526CCA8008AB605 /* XCRemoteSwiftPackageReference "Disk" */,
				EEB3AE7A258CE95100285C20 /* XCRemoteSwiftPackageReference "VectorExtensions" */,
			);
			productRefGroup = EEC7CF3325034396003389AB /* Products */;
			projectDirPath = "";
			projectRoot = "";
			targets = (
				EEC7CF3125034396003389AB /* FieldFab */,
				EEC7CF4725034397003389AB /* FieldFabTests */,
				EEC7CF5225034397003389AB /* FieldFabUITests */,
			);
		};
/* End PBXProject section */

/* Begin PBXResourcesBuildPhase section */
		EEC7CF3025034396003389AB /* Resources */ = {
			isa = PBXResourcesBuildPhase;
			buildActionMask = 2147483647;
			files = (
				EE29E432250D2D16007F4036 /* main.scnassets in Resources */,
				EEC7CF4225034397003389AB /* LaunchScreen.storyboard in Resources */,
				EEC7CF3F25034397003389AB /* Preview Assets.xcassets in Resources */,
				EEC7CF3C25034397003389AB /* Assets.xcassets in Resources */,
			);
			runOnlyForDeploymentPostprocessing = 0;
		};
		EEC7CF4625034397003389AB /* Resources */ = {
			isa = PBXResourcesBuildPhase;
			buildActionMask = 2147483647;
			files = (
			);
			runOnlyForDeploymentPostprocessing = 0;
		};
		EEC7CF5125034397003389AB /* Resources */ = {
			isa = PBXResourcesBuildPhase;
			buildActionMask = 2147483647;
			files = (
			);
			runOnlyForDeploymentPostprocessing = 0;
		};
/* End PBXResourcesBuildPhase section */

/* Begin PBXSourcesBuildPhase section */
		EEC7CF2E25034396003389AB /* Sources */ = {
			isa = PBXSourcesBuildPhase;
			buildActionMask = 2147483647;
			files = (
				EEB3AE73258BAEF800285C20 /* Duct.swift in Sources */,
				EE8D396525831DEE00A1AC39 /* AppState.swift in Sources */,
				EE8D395C25831C7600A1AC39 /* AppMain.swift in Sources */,
				EEB3AE81258D570100285C20 /* Vector3.swift in Sources */,
				EEDFF21F2546021B00FD9D51 /* VisualEffectView.swift in Sources */,
			);
			runOnlyForDeploymentPostprocessing = 0;
		};
		EEC7CF4425034397003389AB /* Sources */ = {
			isa = PBXSourcesBuildPhase;
			buildActionMask = 2147483647;
			files = (
				EEC7CF4D25034397003389AB /* FieldFabTests.swift in Sources */,
			);
			runOnlyForDeploymentPostprocessing = 0;
		};
		EEC7CF4F25034397003389AB /* Sources */ = {
			isa = PBXSourcesBuildPhase;
			buildActionMask = 2147483647;
			files = (
				EEC7CF5825034397003389AB /* FieldFabUITests.swift in Sources */,
			);
			runOnlyForDeploymentPostprocessing = 0;
		};
/* End PBXSourcesBuildPhase section */

/* Begin PBXTargetDependency section */
		EE8D3995258327A100A1AC39 /* PBXTargetDependency */ = {
			isa = PBXTargetDependency;
			productRef = EE8D3994258327A100A1AC39 /* VectorExtensions */;
		};
		EEC7CF4A25034397003389AB /* PBXTargetDependency */ = {
			isa = PBXTargetDependency;
			target = EEC7CF3125034396003389AB /* FieldFab */;
			targetProxy = EEC7CF4925034397003389AB /* PBXContainerItemProxy */;
		};
		EEC7CF5525034397003389AB /* PBXTargetDependency */ = {
			isa = PBXTargetDependency;
			target = EEC7CF3125034396003389AB /* FieldFab */;
			targetProxy = EEC7CF5425034397003389AB /* PBXContainerItemProxy */;
		};
/* End PBXTargetDependency section */

/* Begin PBXVariantGroup section */
		EEC7CF4025034397003389AB /* LaunchScreen.storyboard */ = {
			isa = PBXVariantGroup;
			children = (
				EEC7CF4125034397003389AB /* Base */,
			);
			name = LaunchScreen.storyboard;
			sourceTree = "<group>";
		};
/* End PBXVariantGroup section */

/* Begin XCBuildConfiguration section */
		EEC7CF5A25034397003389AB /* Debug */ = {
			isa = XCBuildConfiguration;
			buildSettings = {
				ALWAYS_SEARCH_USER_PATHS = NO;
				CLANG_ANALYZER_NONNULL = YES;
				CLANG_ANALYZER_NUMBER_OBJECT_CONVERSION = YES_AGGRESSIVE;
				CLANG_CXX_LANGUAGE_STANDARD = "gnu++14";
				CLANG_CXX_LIBRARY = "libc++";
				CLANG_ENABLE_MODULES = YES;
				CLANG_ENABLE_OBJC_ARC = YES;
				CLANG_ENABLE_OBJC_WEAK = YES;
				CLANG_WARN_BLOCK_CAPTURE_AUTORELEASING = YES;
				CLANG_WARN_BOOL_CONVERSION = YES;
				CLANG_WARN_COMMA = YES;
				CLANG_WARN_CONSTANT_CONVERSION = YES;
				CLANG_WARN_DEPRECATED_OBJC_IMPLEMENTATIONS = YES;
				CLANG_WARN_DIRECT_OBJC_ISA_USAGE = YES_ERROR;
				CLANG_WARN_DOCUMENTATION_COMMENTS = YES;
				CLANG_WARN_EMPTY_BODY = YES;
				CLANG_WARN_ENUM_CONVERSION = YES;
				CLANG_WARN_INFINITE_RECURSION = YES;
				CLANG_WARN_INT_CONVERSION = YES;
				CLANG_WARN_NON_LITERAL_NULL_CONVERSION = YES;
				CLANG_WARN_OBJC_IMPLICIT_RETAIN_SELF = YES;
				CLANG_WARN_OBJC_LITERAL_CONVERSION = YES;
				CLANG_WARN_OBJC_ROOT_CLASS = YES_ERROR;
				CLANG_WARN_QUOTED_INCLUDE_IN_FRAMEWORK_HEADER = YES;
				CLANG_WARN_RANGE_LOOP_ANALYSIS = YES;
				CLANG_WARN_STRICT_PROTOTYPES = YES;
				CLANG_WARN_SUSPICIOUS_MOVE = YES;
				CLANG_WARN_UNGUARDED_AVAILABILITY = YES_AGGRESSIVE;
				CLANG_WARN_UNREACHABLE_CODE = YES;
				CLANG_WARN__DUPLICATE_METHOD_MATCH = YES;
				COPY_PHASE_STRIP = NO;
				DEBUG_INFORMATION_FORMAT = dwarf;
				ENABLE_STRICT_OBJC_MSGSEND = YES;
				ENABLE_TESTABILITY = YES;
				GCC_C_LANGUAGE_STANDARD = gnu11;
				GCC_DYNAMIC_NO_PIC = NO;
				GCC_NO_COMMON_BLOCKS = YES;
				GCC_OPTIMIZATION_LEVEL = 0;
				GCC_PREPROCESSOR_DEFINITIONS = (
					"DEBUG=1",
					"$(inherited)",
				);
				GCC_WARN_64_TO_32_BIT_CONVERSION = YES;
				GCC_WARN_ABOUT_RETURN_TYPE = YES_ERROR;
				GCC_WARN_UNDECLARED_SELECTOR = YES;
				GCC_WARN_UNINITIALIZED_AUTOS = YES_AGGRESSIVE;
				GCC_WARN_UNUSED_FUNCTION = YES;
				GCC_WARN_UNUSED_VARIABLE = YES;
				IPHONEOS_DEPLOYMENT_TARGET = 14.0;
				MTL_ENABLE_DEBUG_INFO = INCLUDE_SOURCE;
				MTL_FAST_MATH = YES;
				NEW_SETTING = "";
				ONLY_ACTIVE_ARCH = YES;
				SDKROOT = iphoneos;
				SWIFT_ACTIVE_COMPILATION_CONDITIONS = DEBUG;
				SWIFT_OPTIMIZATION_LEVEL = "-Onone";
				TARGETED_DEVICE_FAMILY = "1,2";
			};
			name = Debug;
		};
		EEC7CF5B25034397003389AB /* Release */ = {
			isa = XCBuildConfiguration;
			buildSettings = {
				ALWAYS_SEARCH_USER_PATHS = NO;
				CLANG_ANALYZER_NONNULL = YES;
				CLANG_ANALYZER_NUMBER_OBJECT_CONVERSION = YES_AGGRESSIVE;
				CLANG_CXX_LANGUAGE_STANDARD = "gnu++14";
				CLANG_CXX_LIBRARY = "libc++";
				CLANG_ENABLE_MODULES = YES;
				CLANG_ENABLE_OBJC_ARC = YES;
				CLANG_ENABLE_OBJC_WEAK = YES;
				CLANG_WARN_BLOCK_CAPTURE_AUTORELEASING = YES;
				CLANG_WARN_BOOL_CONVERSION = YES;
				CLANG_WARN_COMMA = YES;
				CLANG_WARN_CONSTANT_CONVERSION = YES;
				CLANG_WARN_DEPRECATED_OBJC_IMPLEMENTATIONS = YES;
				CLANG_WARN_DIRECT_OBJC_ISA_USAGE = YES_ERROR;
				CLANG_WARN_DOCUMENTATION_COMMENTS = YES;
				CLANG_WARN_EMPTY_BODY = YES;
				CLANG_WARN_ENUM_CONVERSION = YES;
				CLANG_WARN_INFINITE_RECURSION = YES;
				CLANG_WARN_INT_CONVERSION = YES;
				CLANG_WARN_NON_LITERAL_NULL_CONVERSION = YES;
				CLANG_WARN_OBJC_IMPLICIT_RETAIN_SELF = YES;
				CLANG_WARN_OBJC_LITERAL_CONVERSION = YES;
				CLANG_WARN_OBJC_ROOT_CLASS = YES_ERROR;
				CLANG_WARN_QUOTED_INCLUDE_IN_FRAMEWORK_HEADER = YES;
				CLANG_WARN_RANGE_LOOP_ANALYSIS = YES;
				CLANG_WARN_STRICT_PROTOTYPES = YES;
				CLANG_WARN_SUSPICIOUS_MOVE = YES;
				CLANG_WARN_UNGUARDED_AVAILABILITY = YES_AGGRESSIVE;
				CLANG_WARN_UNREACHABLE_CODE = YES;
				CLANG_WARN__DUPLICATE_METHOD_MATCH = YES;
				COPY_PHASE_STRIP = NO;
				DEBUG_INFORMATION_FORMAT = "dwarf-with-dsym";
				ENABLE_NS_ASSERTIONS = NO;
				ENABLE_STRICT_OBJC_MSGSEND = YES;
				GCC_C_LANGUAGE_STANDARD = gnu11;
				GCC_NO_COMMON_BLOCKS = YES;
				GCC_WARN_64_TO_32_BIT_CONVERSION = YES;
				GCC_WARN_ABOUT_RETURN_TYPE = YES_ERROR;
				GCC_WARN_UNDECLARED_SELECTOR = YES;
				GCC_WARN_UNINITIALIZED_AUTOS = YES_AGGRESSIVE;
				GCC_WARN_UNUSED_FUNCTION = YES;
				GCC_WARN_UNUSED_VARIABLE = YES;
				IPHONEOS_DEPLOYMENT_TARGET = 14.0;
				MTL_ENABLE_DEBUG_INFO = NO;
				MTL_FAST_MATH = YES;
				NEW_SETTING = "";
				SDKROOT = iphoneos;
				SWIFT_COMPILATION_MODE = wholemodule;
				SWIFT_OPTIMIZATION_LEVEL = "-O";
				TARGETED_DEVICE_FAMILY = "1,2";
				VALIDATE_PRODUCT = YES;
			};
			name = Release;
		};
		EEC7CF5D25034397003389AB /* Debug */ = {
			isa = XCBuildConfiguration;
			buildSettings = {
				ASSETCATALOG_COMPILER_APPICON_NAME = AppIcon;
				CLANG_ENABLE_MODULES = YES;
				CODE_SIGN_ENTITLEMENTS = FieldFab/FieldFab.entitlements;
				CODE_SIGN_STYLE = Automatic;
				DEVELOPMENT_ASSET_PATHS = "";
				DEVELOPMENT_TEAM = J737B85W5Z;
				ENABLE_PREVIEWS = YES;
				INFOPLIST_FILE = FieldFab/Info.plist;
				LD_RUNPATH_SEARCH_PATHS = (
					"$(inherited)",
					"@executable_path/Frameworks",
				);
				PRODUCT_BUNDLE_IDENTIFIER = Just1Guy.FieldFab;
				PRODUCT_NAME = "$(TARGET_NAME)";
				SUPPORTS_MACCATALYST = YES;
				SWIFT_OBJC_BRIDGING_HEADER = "";
				SWIFT_OPTIMIZATION_LEVEL = "-Onone";
				SWIFT_VERSION = 5.0;
				TARGETED_DEVICE_FAMILY = "1,2";
			};
			name = Debug;
		};
		EEC7CF5E25034397003389AB /* Release */ = {
			isa = XCBuildConfiguration;
			buildSettings = {
				ASSETCATALOG_COMPILER_APPICON_NAME = AppIcon;
				CLANG_ENABLE_MODULES = YES;
				CODE_SIGN_ENTITLEMENTS = FieldFab/FieldFab.entitlements;
				CODE_SIGN_STYLE = Automatic;
				DEVELOPMENT_ASSET_PATHS = "";
				DEVELOPMENT_TEAM = J737B85W5Z;
				ENABLE_PREVIEWS = YES;
				INFOPLIST_FILE = FieldFab/Info.plist;
				LD_RUNPATH_SEARCH_PATHS = (
					"$(inherited)",
					"@executable_path/Frameworks",
				);
				PRODUCT_BUNDLE_IDENTIFIER = Just1Guy.FieldFab;
				PRODUCT_NAME = "$(TARGET_NAME)";
				SUPPORTS_MACCATALYST = YES;
				SWIFT_OBJC_BRIDGING_HEADER = "";
				SWIFT_VERSION = 5.0;
				TARGETED_DEVICE_FAMILY = "1,2";
			};
			name = Release;
		};
		EEC7CF6025034397003389AB /* Debug */ = {
			isa = XCBuildConfiguration;
			buildSettings = {
				ALWAYS_EMBED_SWIFT_STANDARD_LIBRARIES = YES;
				BUNDLE_LOADER = "$(TEST_HOST)";
				CODE_SIGN_STYLE = Automatic;
				DEVELOPMENT_TEAM = J737B85W5Z;
				INFOPLIST_FILE = FieldFabTests/Info.plist;
				IPHONEOS_DEPLOYMENT_TARGET = 13.6;
				LD_RUNPATH_SEARCH_PATHS = (
					"$(inherited)",
					"@executable_path/Frameworks",
					"@loader_path/Frameworks",
				);
				PRODUCT_BUNDLE_IDENTIFIER = Just1Guy.FieldFabTests;
				PRODUCT_NAME = "$(TARGET_NAME)";
				SWIFT_VERSION = 5.0;
				TARGETED_DEVICE_FAMILY = "1,2";
				TEST_HOST = "$(BUILT_PRODUCTS_DIR)/FieldFab.app/FieldFab";
			};
			name = Debug;
		};
		EEC7CF6125034397003389AB /* Release */ = {
			isa = XCBuildConfiguration;
			buildSettings = {
				ALWAYS_EMBED_SWIFT_STANDARD_LIBRARIES = YES;
				BUNDLE_LOADER = "$(TEST_HOST)";
				CODE_SIGN_STYLE = Automatic;
				DEVELOPMENT_TEAM = J737B85W5Z;
				INFOPLIST_FILE = FieldFabTests/Info.plist;
				IPHONEOS_DEPLOYMENT_TARGET = 13.6;
				LD_RUNPATH_SEARCH_PATHS = (
					"$(inherited)",
					"@executable_path/Frameworks",
					"@loader_path/Frameworks",
				);
				PRODUCT_BUNDLE_IDENTIFIER = Just1Guy.FieldFabTests;
				PRODUCT_NAME = "$(TARGET_NAME)";
				SWIFT_VERSION = 5.0;
				TARGETED_DEVICE_FAMILY = "1,2";
				TEST_HOST = "$(BUILT_PRODUCTS_DIR)/FieldFab.app/FieldFab";
			};
			name = Release;
		};
		EEC7CF6325034397003389AB /* Debug */ = {
			isa = XCBuildConfiguration;
			buildSettings = {
				ALWAYS_EMBED_SWIFT_STANDARD_LIBRARIES = YES;
				CODE_SIGN_STYLE = Automatic;
				DEVELOPMENT_TEAM = J737B85W5Z;
				INFOPLIST_FILE = FieldFabUITests/Info.plist;
				LD_RUNPATH_SEARCH_PATHS = (
					"$(inherited)",
					"@executable_path/Frameworks",
					"@loader_path/Frameworks",
				);
				PRODUCT_BUNDLE_IDENTIFIER = Just1Guy.FieldFabUITests;
				PRODUCT_NAME = "$(TARGET_NAME)";
				SWIFT_VERSION = 5.0;
				TARGETED_DEVICE_FAMILY = "1,2";
				TEST_TARGET_NAME = FieldFab;
			};
			name = Debug;
		};
		EEC7CF6425034397003389AB /* Release */ = {
			isa = XCBuildConfiguration;
			buildSettings = {
				ALWAYS_EMBED_SWIFT_STANDARD_LIBRARIES = YES;
				CODE_SIGN_STYLE = Automatic;
				DEVELOPMENT_TEAM = J737B85W5Z;
				INFOPLIST_FILE = FieldFabUITests/Info.plist;
				LD_RUNPATH_SEARCH_PATHS = (
					"$(inherited)",
					"@executable_path/Frameworks",
					"@loader_path/Frameworks",
				);
				PRODUCT_BUNDLE_IDENTIFIER = Just1Guy.FieldFabUITests;
				PRODUCT_NAME = "$(TARGET_NAME)";
				SWIFT_VERSION = 5.0;
				TARGETED_DEVICE_FAMILY = "1,2";
				TEST_TARGET_NAME = FieldFab;
			};
			name = Release;
		};
/* End XCBuildConfiguration section */

/* Begin XCConfigurationList section */
		EEC7CF2D25034396003389AB /* Build configuration list for PBXProject "FieldFab" */ = {
			isa = XCConfigurationList;
			buildConfigurations = (
				EEC7CF5A25034397003389AB /* Debug */,
				EEC7CF5B25034397003389AB /* Release */,
			);
			defaultConfigurationIsVisible = 0;
			defaultConfigurationName = Release;
		};
		EEC7CF5C25034397003389AB /* Build configuration list for PBXNativeTarget "FieldFab" */ = {
			isa = XCConfigurationList;
			buildConfigurations = (
				EEC7CF5D25034397003389AB /* Debug */,
				EEC7CF5E25034397003389AB /* Release */,
			);
			defaultConfigurationIsVisible = 0;
			defaultConfigurationName = Release;
		};
		EEC7CF5F25034397003389AB /* Build configuration list for PBXNativeTarget "FieldFabTests" */ = {
			isa = XCConfigurationList;
			buildConfigurations = (
				EEC7CF6025034397003389AB /* Debug */,
				EEC7CF6125034397003389AB /* Release */,
			);
			defaultConfigurationIsVisible = 0;
			defaultConfigurationName = Release;
		};
		EEC7CF6225034397003389AB /* Build configuration list for PBXNativeTarget "FieldFabUITests" */ = {
			isa = XCConfigurationList;
			buildConfigurations = (
				EEC7CF6325034397003389AB /* Debug */,
				EEC7CF6425034397003389AB /* Release */,
			);
			defaultConfigurationIsVisible = 0;
			defaultConfigurationName = Release;
		};
/* End XCConfigurationList section */

/* Begin XCRemoteSwiftPackageReference section */
		EEB3AE7A258CE95100285C20 /* XCRemoteSwiftPackageReference "VectorExtensions" */ = {
			isa = XCRemoteSwiftPackageReference;
			repositoryURL = "https://github.com/robertmsale/VectorExtensions";
			requirement = {
				kind = upToNextMajorVersion;
				minimumVersion = 1.0.0;
			};
		};
		EEFB98D62526CCA8008AB605 /* XCRemoteSwiftPackageReference "Disk" */ = {
			isa = XCRemoteSwiftPackageReference;
			repositoryURL = "https://github.com/saoudrizwan/Disk";
			requirement = {
				kind = upToNextMajorVersion;
				minimumVersion = 0.6.4;
			};
		};
/* End XCRemoteSwiftPackageReference section */

/* Begin XCSwiftPackageProductDependency section */
		EE8D398F258326B700A1AC39 /* VectorExtensions */ = {
			isa = XCSwiftPackageProductDependency;
			productName = VectorExtensions;
		};
		EE8D3994258327A100A1AC39 /* VectorExtensions */ = {
			isa = XCSwiftPackageProductDependency;
			productName = VectorExtensions;
		};
		EEB3AE7B258CE95100285C20 /* VectorExtensions */ = {
			isa = XCSwiftPackageProductDependency;
			package = EEB3AE7A258CE95100285C20 /* XCRemoteSwiftPackageReference "VectorExtensions" */;
			productName = VectorExtensions;
		};
		EEFB98D72526CCA8008AB605 /* Disk */ = {
			isa = XCSwiftPackageProductDependency;
			package = EEFB98D62526CCA8008AB605 /* XCRemoteSwiftPackageReference "Disk" */;
			productName = Disk;
		};
/* End XCSwiftPackageProductDependency section */
	};
	rootObject = EEC7CF2A25034396003389AB /* Project object */;
}
