// !$*UTF8*$!
{
	archiveVersion = 1;
	classes = {
	};
	objectVersion = 52;
	objects = {

/* Begin PBXBuildFile section */
		EE29E40C2505794D007F4036 /* 2D.swift in Sources */ = {isa = PBXBuildFile; fileRef = EE29E40B2505794D007F4036 /* 2D.swift */; };
		EE29E40E25057CF1007F4036 /* DuctSideView.swift in Sources */ = {isa = PBXBuildFile; fileRef = EE29E40D25057CF1007F4036 /* DuctSideView.swift */; };
		EE29E4142505EFFB007F4036 /* Carbon in Frameworks */ = {isa = PBXBuildFile; platformFilter = ios; productRef = EE29E4132505EFFB007F4036 /* Carbon */; };
		EE29E4192505F6CA007F4036 /* ControlView.swift in Sources */ = {isa = PBXBuildFile; fileRef = EE29E4182505F6CA007F4036 /* ControlView.swift */; };
		EE29E41B2506A02F007F4036 /* Vector3.swift in Sources */ = {isa = PBXBuildFile; fileRef = EE29E41A2506A02F007F4036 /* Vector3.swift */; };
		EE29E41D2506BF4F007F4036 /* Spherical.swift in Sources */ = {isa = PBXBuildFile; fileRef = EE29E41C2506BF4F007F4036 /* Spherical.swift */; };
		EE29E4202506BFCB007F4036 /* Fraction.swift in Sources */ = {isa = PBXBuildFile; fileRef = EE29E41F2506BFCB007F4036 /* Fraction.swift */; };
		EE29E4222506C401007F4036 /* MathUtils.swift in Sources */ = {isa = PBXBuildFile; fileRef = EE29E4212506C401007F4036 /* MathUtils.swift */; };
		EE29E4242506CBAD007F4036 /* Quaternion.swift in Sources */ = {isa = PBXBuildFile; fileRef = EE29E4232506CBAD007F4036 /* Quaternion.swift */; };
		EE29E4262506CDE6007F4036 /* Quad.swift in Sources */ = {isa = PBXBuildFile; fileRef = EE29E4252506CDE6007F4036 /* Quad.swift */; };
		EE29E429250BAC9D007F4036 /* 3D.swift in Sources */ = {isa = PBXBuildFile; fileRef = EE29E428250BAC9D007F4036 /* 3D.swift */; };
		EE29E432250D2D16007F4036 /* main.scnassets in Resources */ = {isa = PBXBuildFile; fileRef = EE29E431250D2D16007F4036 /* main.scnassets */; };
		EE590E8625045D4200ECCDF1 /* Guitar in Frameworks */ = {isa = PBXBuildFile; productRef = EE590E8525045D4200ECCDF1 /* Guitar */; };
		EEC7CF3625034396003389AB /* AppDelegate.swift in Sources */ = {isa = PBXBuildFile; fileRef = EEC7CF3525034396003389AB /* AppDelegate.swift */; };
		EEC7CF3825034396003389AB /* ContentView.swift in Sources */ = {isa = PBXBuildFile; fileRef = EEC7CF3725034396003389AB /* ContentView.swift */; };
		EEC7CF3A25034396003389AB /* Experience.rcproject in Sources */ = {isa = PBXBuildFile; fileRef = EEC7CF3925034396003389AB /* Experience.rcproject */; };
		EEC7CF3C25034397003389AB /* Assets.xcassets in Resources */ = {isa = PBXBuildFile; fileRef = EEC7CF3B25034397003389AB /* Assets.xcassets */; };
		EEC7CF3F25034397003389AB /* Preview Assets.xcassets in Resources */ = {isa = PBXBuildFile; fileRef = EEC7CF3E25034397003389AB /* Preview Assets.xcassets */; };
		EEC7CF4225034397003389AB /* LaunchScreen.storyboard in Resources */ = {isa = PBXBuildFile; fileRef = EEC7CF4025034397003389AB /* LaunchScreen.storyboard */; };
		EEC7CF4D25034397003389AB /* FieldFabTests.swift in Sources */ = {isa = PBXBuildFile; fileRef = EEC7CF4C25034397003389AB /* FieldFabTests.swift */; };
		EEC7CF5825034397003389AB /* FieldFabUITests.swift in Sources */ = {isa = PBXBuildFile; fileRef = EEC7CF5725034397003389AB /* FieldFabUITests.swift */; };
		EEC7CF6625034800003389AB /* Controls.swift in Sources */ = {isa = PBXBuildFile; fileRef = EEC7CF6525034800003389AB /* Controls.swift */; };
		EEC7CF6D2503E70A003389AB /* Logic.swift in Sources */ = {isa = PBXBuildFile; fileRef = EEC7CF6C2503E70A003389AB /* Logic.swift */; };
/* End PBXBuildFile section */

/* Begin PBXContainerItemProxy section */
		EEC7CF4925034397003389AB /* PBXContainerItemProxy */ = {
			isa = PBXContainerItemProxy;
			containerPortal = EEC7CF2A25034396003389AB /* Project object */;
			proxyType = 1;
			remoteGlobalIDString = EEC7CF3125034396003389AB;
			remoteInfo = FieldFab;
		};
		EEC7CF5425034397003389AB /* PBXContainerItemProxy */ = {
			isa = PBXContainerItemProxy;
			containerPortal = EEC7CF2A25034396003389AB /* Project object */;
			proxyType = 1;
			remoteGlobalIDString = EEC7CF3125034396003389AB;
			remoteInfo = FieldFab;
		};
/* End PBXContainerItemProxy section */

/* Begin PBXFileReference section */
		EE29E40B2505794D007F4036 /* 2D.swift */ = {isa = PBXFileReference; lastKnownFileType = sourcecode.swift; path = 2D.swift; sourceTree = "<group>"; };
		EE29E40D25057CF1007F4036 /* DuctSideView.swift */ = {isa = PBXFileReference; lastKnownFileType = sourcecode.swift; path = DuctSideView.swift; sourceTree = "<group>"; };
		EE29E4182505F6CA007F4036 /* ControlView.swift */ = {isa = PBXFileReference; lastKnownFileType = sourcecode.swift; path = ControlView.swift; sourceTree = "<group>"; };
		EE29E41A2506A02F007F4036 /* Vector3.swift */ = {isa = PBXFileReference; lastKnownFileType = sourcecode.swift; path = Vector3.swift; sourceTree = "<group>"; };
		EE29E41C2506BF4F007F4036 /* Spherical.swift */ = {isa = PBXFileReference; lastKnownFileType = sourcecode.swift; path = Spherical.swift; sourceTree = "<group>"; };
		EE29E41F2506BFCB007F4036 /* Fraction.swift */ = {isa = PBXFileReference; lastKnownFileType = sourcecode.swift; path = Fraction.swift; sourceTree = "<group>"; };
		EE29E4212506C401007F4036 /* MathUtils.swift */ = {isa = PBXFileReference; lastKnownFileType = sourcecode.swift; path = MathUtils.swift; sourceTree = "<group>"; };
		EE29E4232506CBAD007F4036 /* Quaternion.swift */ = {isa = PBXFileReference; lastKnownFileType = sourcecode.swift; path = Quaternion.swift; sourceTree = "<group>"; };
		EE29E4252506CDE6007F4036 /* Quad.swift */ = {isa = PBXFileReference; lastKnownFileType = sourcecode.swift; path = Quad.swift; sourceTree = "<group>"; };
		EE29E42725086B01007F4036 /* FieldFab.entitlements */ = {isa = PBXFileReference; lastKnownFileType = text.plist.entitlements; path = FieldFab.entitlements; sourceTree = "<group>"; };
		EE29E428250BAC9D007F4036 /* 3D.swift */ = {isa = PBXFileReference; lastKnownFileType = sourcecode.swift; path = 3D.swift; sourceTree = "<group>"; };
		EE29E431250D2D16007F4036 /* main.scnassets */ = {isa = PBXFileReference; lastKnownFileType = wrapper.scnassets; path = main.scnassets; sourceTree = "<group>"; };
		EEC7CF3225034396003389AB /* FieldFab.app */ = {isa = PBXFileReference; explicitFileType = wrapper.application; includeInIndex = 0; path = FieldFab.app; sourceTree = BUILT_PRODUCTS_DIR; };
		EEC7CF3525034396003389AB /* AppDelegate.swift */ = {isa = PBXFileReference; lastKnownFileType = sourcecode.swift; path = AppDelegate.swift; sourceTree = "<group>"; };
		EEC7CF3725034396003389AB /* ContentView.swift */ = {isa = PBXFileReference; lastKnownFileType = sourcecode.swift; path = ContentView.swift; sourceTree = "<group>"; };
		EEC7CF3925034396003389AB /* Experience.rcproject */ = {isa = PBXFileReference; lastKnownFileType = file.rcproject; path = Experience.rcproject; sourceTree = "<group>"; };
		EEC7CF3B25034397003389AB /* Assets.xcassets */ = {isa = PBXFileReference; lastKnownFileType = folder.assetcatalog; path = Assets.xcassets; sourceTree = "<group>"; };
		EEC7CF3E25034397003389AB /* Preview Assets.xcassets */ = {isa = PBXFileReference; lastKnownFileType = folder.assetcatalog; path = "Preview Assets.xcassets"; sourceTree = "<group>"; };
		EEC7CF4125034397003389AB /* Base */ = {isa = PBXFileReference; lastKnownFileType = file.storyboard; name = Base; path = Base.lproj/LaunchScreen.storyboard; sourceTree = "<group>"; };
		EEC7CF4325034397003389AB /* Info.plist */ = {isa = PBXFileReference; lastKnownFileType = text.plist.xml; path = Info.plist; sourceTree = "<group>"; };
		EEC7CF4825034397003389AB /* FieldFabTests.xctest */ = {isa = PBXFileReference; explicitFileType = wrapper.cfbundle; includeInIndex = 0; path = FieldFabTests.xctest; sourceTree = BUILT_PRODUCTS_DIR; };
		EEC7CF4C25034397003389AB /* FieldFabTests.swift */ = {isa = PBXFileReference; lastKnownFileType = sourcecode.swift; path = FieldFabTests.swift; sourceTree = "<group>"; };
		EEC7CF4E25034397003389AB /* Info.plist */ = {isa = PBXFileReference; lastKnownFileType = text.plist.xml; path = Info.plist; sourceTree = "<group>"; };
		EEC7CF5325034397003389AB /* FieldFabUITests.xctest */ = {isa = PBXFileReference; explicitFileType = wrapper.cfbundle; includeInIndex = 0; path = FieldFabUITests.xctest; sourceTree = BUILT_PRODUCTS_DIR; };
		EEC7CF5725034397003389AB /* FieldFabUITests.swift */ = {isa = PBXFileReference; lastKnownFileType = sourcecode.swift; path = FieldFabUITests.swift; sourceTree = "<group>"; };
		EEC7CF5925034397003389AB /* Info.plist */ = {isa = PBXFileReference; lastKnownFileType = text.plist.xml; path = Info.plist; sourceTree = "<group>"; };
		EEC7CF6525034800003389AB /* Controls.swift */ = {isa = PBXFileReference; lastKnownFileType = sourcecode.swift; path = Controls.swift; sourceTree = "<group>"; };
		EEC7CF6C2503E70A003389AB /* Logic.swift */ = {isa = PBXFileReference; lastKnownFileType = sourcecode.swift; path = Logic.swift; sourceTree = "<group>"; };
/* End PBXFileReference section */

/* Begin PBXFrameworksBuildPhase section */
		EEC7CF2F25034396003389AB /* Frameworks */ = {
			isa = PBXFrameworksBuildPhase;
			buildActionMask = 2147483647;
			files = (
				EE590E8625045D4200ECCDF1 /* Guitar in Frameworks */,
				EE29E4142505EFFB007F4036 /* Carbon in Frameworks */,
			);
			runOnlyForDeploymentPostprocessing = 0;
		};
		EEC7CF4525034397003389AB /* Frameworks */ = {
			isa = PBXFrameworksBuildPhase;
			buildActionMask = 2147483647;
			files = (
			);
			runOnlyForDeploymentPostprocessing = 0;
		};
		EEC7CF5025034397003389AB /* Frameworks */ = {
			isa = PBXFrameworksBuildPhase;
			buildActionMask = 2147483647;
			files = (
			);
			runOnlyForDeploymentPostprocessing = 0;
		};
/* End PBXFrameworksBuildPhase section */

/* Begin PBXGroup section */
		EE29E40625053CFD007F4036 /* Components */ = {
			isa = PBXGroup;
			children = (
				EE29E40D25057CF1007F4036 /* DuctSideView.swift */,
				EE29E4182505F6CA007F4036 /* ControlView.swift */,
			);
			path = Components;
			sourceTree = "<group>";
		};
		EE29E41E2506BF7D007F4036 /* Math */ = {
			isa = PBXGroup;
			children = (
				EE29E41A2506A02F007F4036 /* Vector3.swift */,
				EE29E41C2506BF4F007F4036 /* Spherical.swift */,
				EE29E41F2506BFCB007F4036 /* Fraction.swift */,
				EE29E4212506C401007F4036 /* MathUtils.swift */,
				EE29E4232506CBAD007F4036 /* Quaternion.swift */,
				EE29E4252506CDE6007F4036 /* Quad.swift */,
			);
			path = Math;
			sourceTree = "<group>";
		};
		EEC7CF2925034396003389AB = {
			isa = PBXGroup;
			children = (
				EEC7CF3425034396003389AB /* FieldFab */,
				EEC7CF4B25034397003389AB /* FieldFabTests */,
				EEC7CF5625034397003389AB /* FieldFabUITests */,
				EEC7CF3325034396003389AB /* Products */,
			);
			sourceTree = "<group>";
		};
		EEC7CF3325034396003389AB /* Products */ = {
			isa = PBXGroup;
			children = (
				EEC7CF3225034396003389AB /* FieldFab.app */,
				EEC7CF4825034397003389AB /* FieldFabTests.xctest */,
				EEC7CF5325034397003389AB /* FieldFabUITests.xctest */,
			);
			name = Products;
			sourceTree = "<group>";
		};
		EEC7CF3425034396003389AB /* FieldFab */ = {
			isa = PBXGroup;
			children = (
				EE29E42725086B01007F4036 /* FieldFab.entitlements */,
				EEC7CF3525034396003389AB /* AppDelegate.swift */,
				EEC7CF3725034396003389AB /* ContentView.swift */,
				EEC7CF3925034396003389AB /* Experience.rcproject */,
				EEC7CF3B25034397003389AB /* Assets.xcassets */,
				EEC7CF4025034397003389AB /* LaunchScreen.storyboard */,
				EEC7CF4325034397003389AB /* Info.plist */,
				EE29E40625053CFD007F4036 /* Components */,
				EEC7CF3D25034397003389AB /* Preview Content */,
				EEC7CF6825034858003389AB /* Routes */,
				EEC7CF6C2503E70A003389AB /* Logic.swift */,
				EE29E41E2506BF7D007F4036 /* Math */,
				EE29E431250D2D16007F4036 /* main.scnassets */,
			);
			path = FieldFab;
			sourceTree = "<group>";
		};
		EEC7CF3D25034397003389AB /* Preview Content */ = {
			isa = PBXGroup;
			children = (
				EEC7CF3E25034397003389AB /* Preview Assets.xcassets */,
			);
			path = "Preview Content";
			sourceTree = "<group>";
		};
		EEC7CF4B25034397003389AB /* FieldFabTests */ = {
			isa = PBXGroup;
			children = (
				EEC7CF4C25034397003389AB /* FieldFabTests.swift */,
				EEC7CF4E25034397003389AB /* Info.plist */,
			);
			path = FieldFabTests;
			sourceTree = "<group>";
		};
		EEC7CF5625034397003389AB /* FieldFabUITests */ = {
			isa = PBXGroup;
			children = (
				EEC7CF5725034397003389AB /* FieldFabUITests.swift */,
				EEC7CF5925034397003389AB /* Info.plist */,
			);
			path = FieldFabUITests;
			sourceTree = "<group>";
		};
		EEC7CF6825034858003389AB /* Routes */ = {
			isa = PBXGroup;
			children = (
				EEC7CF6525034800003389AB /* Controls.swift */,
				EE29E40B2505794D007F4036 /* 2D.swift */,
				EE29E428250BAC9D007F4036 /* 3D.swift */,
			);
			path = Routes;
			sourceTree = "<group>";
		};
/* End PBXGroup section */

/* Begin PBXNativeTarget section */
		EEC7CF3125034396003389AB /* FieldFab */ = {
			isa = PBXNativeTarget;
			buildConfigurationList = EEC7CF5C25034397003389AB /* Build configuration list for PBXNativeTarget "FieldFab" */;
			buildPhases = (
				EEC7CF2E25034396003389AB /* Sources */,
				EEC7CF2F25034396003389AB /* Frameworks */,
				EEC7CF3025034396003389AB /* Resources */,
			);
			buildRules = (
			);
			dependencies = (
			);
			name = FieldFab;
			packageProductDependencies = (
				EE590E8525045D4200ECCDF1 /* Guitar */,
				EE29E4132505EFFB007F4036 /* Carbon */,
			);
			productName = FieldFab;
			productReference = EEC7CF3225034396003389AB /* FieldFab.app */;
			productType = "com.apple.product-type.application";
		};
		EEC7CF4725034397003389AB /* FieldFabTests */ = {
			isa = PBXNativeTarget;
			buildConfigurationList = EEC7CF5F25034397003389AB /* Build configuration list for PBXNativeTarget "FieldFabTests" */;
			buildPhases = (
				EEC7CF4425034397003389AB /* Sources */,
				EEC7CF4525034397003389AB /* Frameworks */,
				EEC7CF4625034397003389AB /* Resources */,
			);
			buildRules = (
			);
			dependencies = (
				EEC7CF4A25034397003389AB /* PBXTargetDependency */,
			);
			name = FieldFabTests;
			productName = FieldFabTests;
			productReference = EEC7CF4825034397003389AB /* FieldFabTests.xctest */;
			productType = "com.apple.product-type.bundle.unit-test";
		};
		EEC7CF5225034397003389AB /* FieldFabUITests */ = {
			isa = PBXNativeTarget;
			buildConfigurationList = EEC7CF6225034397003389AB /* Build configuration list for PBXNativeTarget "FieldFabUITests" */;
			buildPhases = (
				EEC7CF4F25034397003389AB /* Sources */,
				EEC7CF5025034397003389AB /* Frameworks */,
				EEC7CF5125034397003389AB /* Resources */,
			);
			buildRules = (
			);
			dependencies = (
				EEC7CF5525034397003389AB /* PBXTargetDependency */,
			);
			name = FieldFabUITests;
			productName = FieldFabUITests;
			productReference = EEC7CF5325034397003389AB /* FieldFabUITests.xctest */;
			productType = "com.apple.product-type.bundle.ui-testing";
		};
/* End PBXNativeTarget section */

/* Begin PBXProject section */
		EEC7CF2A25034396003389AB /* Project object */ = {
			isa = PBXProject;
			attributes = {
				LastSwiftUpdateCheck = 1160;
				LastUpgradeCheck = 1160;
				ORGANIZATIONNAME = "Robert Sale";
				TargetAttributes = {
					EEC7CF3125034396003389AB = {
						CreatedOnToolsVersion = 11.6;
					};
					EEC7CF4725034397003389AB = {
						CreatedOnToolsVersion = 11.6;
						TestTargetID = EEC7CF3125034396003389AB;
					};
					EEC7CF5225034397003389AB = {
						CreatedOnToolsVersion = 11.6;
						TestTargetID = EEC7CF3125034396003389AB;
					};
				};
			};
			buildConfigurationList = EEC7CF2D25034396003389AB /* Build configuration list for PBXProject "FieldFab" */;
			compatibilityVersion = "Xcode 9.3";
			developmentRegion = en;
			hasScannedForEncodings = 0;
			knownRegions = (
				en,
				Base,
			);
			mainGroup = EEC7CF2925034396003389AB;
			packageReferences = (
				EE590E8425045D4200ECCDF1 /* XCRemoteSwiftPackageReference "Guitar" */,
				EE29E4122505EFFB007F4036 /* XCRemoteSwiftPackageReference "Carbon" */,
			);
			productRefGroup = EEC7CF3325034396003389AB /* Products */;
			projectDirPath = "";
			projectRoot = "";
			targets = (
				EEC7CF3125034396003389AB /* FieldFab */,
				EEC7CF4725034397003389AB /* FieldFabTests */,
				EEC7CF5225034397003389AB /* FieldFabUITests */,
			);
		};
/* End PBXProject section */

/* Begin PBXResourcesBuildPhase section */
		EEC7CF3025034396003389AB /* Resources */ = {
			isa = PBXResourcesBuildPhase;
			buildActionMask = 2147483647;
			files = (
				EE29E432250D2D16007F4036 /* main.scnassets in Resources */,
				EEC7CF4225034397003389AB /* LaunchScreen.storyboard in Resources */,
				EEC7CF3F25034397003389AB /* Preview Assets.xcassets in Resources */,
				EEC7CF3C25034397003389AB /* Assets.xcassets in Resources */,
			);
			runOnlyForDeploymentPostprocessing = 0;
		};
		EEC7CF4625034397003389AB /* Resources */ = {
			isa = PBXResourcesBuildPhase;
			buildActionMask = 2147483647;
			files = (
			);
			runOnlyForDeploymentPostprocessing = 0;
		};
		EEC7CF5125034397003389AB /* Resources */ = {
			isa = PBXResourcesBuildPhase;
			buildActionMask = 2147483647;
			files = (
			);
			runOnlyForDeploymentPostprocessing = 0;
		};
/* End PBXResourcesBuildPhase section */

/* Begin PBXSourcesBuildPhase section */
		EEC7CF2E25034396003389AB /* Sources */ = {
			isa = PBXSourcesBuildPhase;
			buildActionMask = 2147483647;
			files = (
				EEC7CF3825034396003389AB /* ContentView.swift in Sources */,
				EE29E41D2506BF4F007F4036 /* Spherical.swift in Sources */,
				EE29E40E25057CF1007F4036 /* DuctSideView.swift in Sources */,
				EEC7CF6D2503E70A003389AB /* Logic.swift in Sources */,
				EE29E40C2505794D007F4036 /* 2D.swift in Sources */,
				EE29E4192505F6CA007F4036 /* ControlView.swift in Sources */,
				EEC7CF6625034800003389AB /* Controls.swift in Sources */,
				EEC7CF3625034396003389AB /* AppDelegate.swift in Sources */,
				EE29E429250BAC9D007F4036 /* 3D.swift in Sources */,
				EE29E4262506CDE6007F4036 /* Quad.swift in Sources */,
				EEC7CF3A25034396003389AB /* Experience.rcproject in Sources */,
				EE29E4222506C401007F4036 /* MathUtils.swift in Sources */,
				EE29E41B2506A02F007F4036 /* Vector3.swift in Sources */,
				EE29E4242506CBAD007F4036 /* Quaternion.swift in Sources */,
				EE29E4202506BFCB007F4036 /* Fraction.swift in Sources */,
			);
			runOnlyForDeploymentPostprocessing = 0;
		};
		EEC7CF4425034397003389AB /* Sources */ = {
			isa = PBXSourcesBuildPhase;
			buildActionMask = 2147483647;
			files = (
				EEC7CF4D25034397003389AB /* FieldFabTests.swift in Sources */,
			);
			runOnlyForDeploymentPostprocessing = 0;
		};
		EEC7CF4F25034397003389AB /* Sources */ = {
			isa = PBXSourcesBuildPhase;
			buildActionMask = 2147483647;
			files = (
				EEC7CF5825034397003389AB /* FieldFabUITests.swift in Sources */,
			);
			runOnlyForDeploymentPostprocessing = 0;
		};
/* End PBXSourcesBuildPhase section */

/* Begin PBXTargetDependency section */
		EEC7CF4A25034397003389AB /* PBXTargetDependency */ = {
			isa = PBXTargetDependency;
			target = EEC7CF3125034396003389AB /* FieldFab */;
			targetProxy = EEC7CF4925034397003389AB /* PBXContainerItemProxy */;
		};
		EEC7CF5525034397003389AB /* PBXTargetDependency */ = {
			isa = PBXTargetDependency;
			target = EEC7CF3125034396003389AB /* FieldFab */;
			targetProxy = EEC7CF5425034397003389AB /* PBXContainerItemProxy */;
		};
/* End PBXTargetDependency section */

/* Begin PBXVariantGroup section */
		EEC7CF4025034397003389AB /* LaunchScreen.storyboard */ = {
			isa = PBXVariantGroup;
			children = (
				EEC7CF4125034397003389AB /* Base */,
			);
			name = LaunchScreen.storyboard;
			sourceTree = "<group>";
		};
/* End PBXVariantGroup section */

/* Begin XCBuildConfiguration section */
		EEC7CF5A25034397003389AB /* Debug */ = {
			isa = XCBuildConfiguration;
			buildSettings = {
				ALWAYS_SEARCH_USER_PATHS = NO;
				CLANG_ANALYZER_NONNULL = YES;
				CLANG_ANALYZER_NUMBER_OBJECT_CONVERSION = YES_AGGRESSIVE;
				CLANG_CXX_LANGUAGE_STANDARD = "gnu++14";
				CLANG_CXX_LIBRARY = "libc++";
				CLANG_ENABLE_MODULES = YES;
				CLANG_ENABLE_OBJC_ARC = YES;
				CLANG_ENABLE_OBJC_WEAK = YES;
				CLANG_WARN_BLOCK_CAPTURE_AUTORELEASING = YES;
				CLANG_WARN_BOOL_CONVERSION = YES;
				CLANG_WARN_COMMA = YES;
				CLANG_WARN_CONSTANT_CONVERSION = YES;
				CLANG_WARN_DEPRECATED_OBJC_IMPLEMENTATIONS = YES;
				CLANG_WARN_DIRECT_OBJC_ISA_USAGE = YES_ERROR;
				CLANG_WARN_DOCUMENTATION_COMMENTS = YES;
				CLANG_WARN_EMPTY_BODY = YES;
				CLANG_WARN_ENUM_CONVERSION = YES;
				CLANG_WARN_INFINITE_RECURSION = YES;
				CLANG_WARN_INT_CONVERSION = YES;
				CLANG_WARN_NON_LITERAL_NULL_CONVERSION = YES;
				CLANG_WARN_OBJC_IMPLICIT_RETAIN_SELF = YES;
				CLANG_WARN_OBJC_LITERAL_CONVERSION = YES;
				CLANG_WARN_OBJC_ROOT_CLASS = YES_ERROR;
				CLANG_WARN_RANGE_LOOP_ANALYSIS = YES;
				CLANG_WARN_STRICT_PROTOTYPES = YES;
				CLANG_WARN_SUSPICIOUS_MOVE = YES;
				CLANG_WARN_UNGUARDED_AVAILABILITY = YES_AGGRESSIVE;
				CLANG_WARN_UNREACHABLE_CODE = YES;
				CLANG_WARN__DUPLICATE_METHOD_MATCH = YES;
				COPY_PHASE_STRIP = NO;
				DEBUG_INFORMATION_FORMAT = dwarf;
				ENABLE_STRICT_OBJC_MSGSEND = YES;
				ENABLE_TESTABILITY = YES;
				GCC_C_LANGUAGE_STANDARD = gnu11;
				GCC_DYNAMIC_NO_PIC = NO;
				GCC_NO_COMMON_BLOCKS = YES;
				GCC_OPTIMIZATION_LEVEL = 0;
				GCC_PREPROCESSOR_DEFINITIONS = (
					"DEBUG=1",
					"$(inherited)",
				);
				GCC_WARN_64_TO_32_BIT_CONVERSION = YES;
				GCC_WARN_ABOUT_RETURN_TYPE = YES_ERROR;
				GCC_WARN_UNDECLARED_SELECTOR = YES;
				GCC_WARN_UNINITIALIZED_AUTOS = YES_AGGRESSIVE;
				GCC_WARN_UNUSED_FUNCTION = YES;
				GCC_WARN_UNUSED_VARIABLE = YES;
				IPHONEOS_DEPLOYMENT_TARGET = 13.6;
				MTL_ENABLE_DEBUG_INFO = INCLUDE_SOURCE;
				MTL_FAST_MATH = YES;
				ONLY_ACTIVE_ARCH = YES;
				SDKROOT = iphoneos;
				SWIFT_ACTIVE_COMPILATION_CONDITIONS = DEBUG;
				SWIFT_OPTIMIZATION_LEVEL = "-Onone";
				TARGETED_DEVICE_FAMILY = "1,2";
			};
			name = Debug;
		};
		EEC7CF5B25034397003389AB /* Release */ = {
			isa = XCBuildConfiguration;
			buildSettings = {
				ALWAYS_SEARCH_USER_PATHS = NO;
				CLANG_ANALYZER_NONNULL = YES;
				CLANG_ANALYZER_NUMBER_OBJECT_CONVERSION = YES_AGGRESSIVE;
				CLANG_CXX_LANGUAGE_STANDARD = "gnu++14";
				CLANG_CXX_LIBRARY = "libc++";
				CLANG_ENABLE_MODULES = YES;
				CLANG_ENABLE_OBJC_ARC = YES;
				CLANG_ENABLE_OBJC_WEAK = YES;
				CLANG_WARN_BLOCK_CAPTURE_AUTORELEASING = YES;
				CLANG_WARN_BOOL_CONVERSION = YES;
				CLANG_WARN_COMMA = YES;
				CLANG_WARN_CONSTANT_CONVERSION = YES;
				CLANG_WARN_DEPRECATED_OBJC_IMPLEMENTATIONS = YES;
				CLANG_WARN_DIRECT_OBJC_ISA_USAGE = YES_ERROR;
				CLANG_WARN_DOCUMENTATION_COMMENTS = YES;
				CLANG_WARN_EMPTY_BODY = YES;
				CLANG_WARN_ENUM_CONVERSION = YES;
				CLANG_WARN_INFINITE_RECURSION = YES;
				CLANG_WARN_INT_CONVERSION = YES;
				CLANG_WARN_NON_LITERAL_NULL_CONVERSION = YES;
				CLANG_WARN_OBJC_IMPLICIT_RETAIN_SELF = YES;
				CLANG_WARN_OBJC_LITERAL_CONVERSION = YES;
				CLANG_WARN_OBJC_ROOT_CLASS = YES_ERROR;
				CLANG_WARN_RANGE_LOOP_ANALYSIS = YES;
				CLANG_WARN_STRICT_PROTOTYPES = YES;
				CLANG_WARN_SUSPICIOUS_MOVE = YES;
				CLANG_WARN_UNGUARDED_AVAILABILITY = YES_AGGRESSIVE;
				CLANG_WARN_UNREACHABLE_CODE = YES;
				CLANG_WARN__DUPLICATE_METHOD_MATCH = YES;
				COPY_PHASE_STRIP = NO;
				DEBUG_INFORMATION_FORMAT = "dwarf-with-dsym";
				ENABLE_NS_ASSERTIONS = NO;
				ENABLE_STRICT_OBJC_MSGSEND = YES;
				GCC_C_LANGUAGE_STANDARD = gnu11;
				GCC_NO_COMMON_BLOCKS = YES;
				GCC_WARN_64_TO_32_BIT_CONVERSION = YES;
				GCC_WARN_ABOUT_RETURN_TYPE = YES_ERROR;
				GCC_WARN_UNDECLARED_SELECTOR = YES;
				GCC_WARN_UNINITIALIZED_AUTOS = YES_AGGRESSIVE;
				GCC_WARN_UNUSED_FUNCTION = YES;
				GCC_WARN_UNUSED_VARIABLE = YES;
				IPHONEOS_DEPLOYMENT_TARGET = 13.6;
				MTL_ENABLE_DEBUG_INFO = NO;
				MTL_FAST_MATH = YES;
				SDKROOT = iphoneos;
				SWIFT_COMPILATION_MODE = wholemodule;
				SWIFT_OPTIMIZATION_LEVEL = "-O";
				TARGETED_DEVICE_FAMILY = "1,2";
				VALIDATE_PRODUCT = YES;
			};
			name = Release;
		};
		EEC7CF5D25034397003389AB /* Debug */ = {
			isa = XCBuildConfiguration;
			buildSettings = {
				ASSETCATALOG_COMPILER_APPICON_NAME = AppIcon;
				CODE_SIGN_ENTITLEMENTS = FieldFab/FieldFab.entitlements;
				CODE_SIGN_STYLE = Automatic;
				DEVELOPMENT_ASSET_PATHS = "\"FieldFab/Preview Content\"";
				DEVELOPMENT_TEAM = J737B85W5Z;
				ENABLE_PREVIEWS = YES;
				INFOPLIST_FILE = FieldFab/Info.plist;
				LD_RUNPATH_SEARCH_PATHS = (
					"$(inherited)",
					"@executable_path/Frameworks",
				);
				PRODUCT_BUNDLE_IDENTIFIER = Just1Guy.FieldFab;
				PRODUCT_NAME = "$(TARGET_NAME)";
				SUPPORTS_MACCATALYST = YES;
				SWIFT_VERSION = 5.0;
				TARGETED_DEVICE_FAMILY = "1,2";
			};
			name = Debug;
		};
		EEC7CF5E25034397003389AB /* Release */ = {
			isa = XCBuildConfiguration;
			buildSettings = {
				ASSETCATALOG_COMPILER_APPICON_NAME = AppIcon;
				CODE_SIGN_ENTITLEMENTS = FieldFab/FieldFab.entitlements;
				CODE_SIGN_STYLE = Automatic;
				DEVELOPMENT_ASSET_PATHS = "\"FieldFab/Preview Content\"";
				DEVELOPMENT_TEAM = J737B85W5Z;
				ENABLE_PREVIEWS = YES;
				INFOPLIST_FILE = FieldFab/Info.plist;
				LD_RUNPATH_SEARCH_PATHS = (
					"$(inherited)",
					"@executable_path/Frameworks",
				);
				PRODUCT_BUNDLE_IDENTIFIER = Just1Guy.FieldFab;
				PRODUCT_NAME = "$(TARGET_NAME)";
				SUPPORTS_MACCATALYST = YES;
				SWIFT_VERSION = 5.0;
				TARGETED_DEVICE_FAMILY = "1,2";
			};
			name = Release;
		};
		EEC7CF6025034397003389AB /* Debug */ = {
			isa = XCBuildConfiguration;
			buildSettings = {
				ALWAYS_EMBED_SWIFT_STANDARD_LIBRARIES = YES;
				BUNDLE_LOADER = "$(TEST_HOST)";
				CODE_SIGN_STYLE = Automatic;
				DEVELOPMENT_TEAM = J737B85W5Z;
				INFOPLIST_FILE = FieldFabTests/Info.plist;
				IPHONEOS_DEPLOYMENT_TARGET = 13.6;
				LD_RUNPATH_SEARCH_PATHS = (
					"$(inherited)",
					"@executable_path/Frameworks",
					"@loader_path/Frameworks",
				);
				PRODUCT_BUNDLE_IDENTIFIER = Just1Guy.FieldFabTests;
				PRODUCT_NAME = "$(TARGET_NAME)";
				SWIFT_VERSION = 5.0;
				TARGETED_DEVICE_FAMILY = "1,2";
				TEST_HOST = "$(BUILT_PRODUCTS_DIR)/FieldFab.app/FieldFab";
			};
			name = Debug;
		};
		EEC7CF6125034397003389AB /* Release */ = {
			isa = XCBuildConfiguration;
			buildSettings = {
				ALWAYS_EMBED_SWIFT_STANDARD_LIBRARIES = YES;
				BUNDLE_LOADER = "$(TEST_HOST)";
				CODE_SIGN_STYLE = Automatic;
				DEVELOPMENT_TEAM = J737B85W5Z;
				INFOPLIST_FILE = FieldFabTests/Info.plist;
				IPHONEOS_DEPLOYMENT_TARGET = 13.6;
				LD_RUNPATH_SEARCH_PATHS = (
					"$(inherited)",
					"@executable_path/Frameworks",
					"@loader_path/Frameworks",
				);
				PRODUCT_BUNDLE_IDENTIFIER = Just1Guy.FieldFabTests;
				PRODUCT_NAME = "$(TARGET_NAME)";
				SWIFT_VERSION = 5.0;
				TARGETED_DEVICE_FAMILY = "1,2";
				TEST_HOST = "$(BUILT_PRODUCTS_DIR)/FieldFab.app/FieldFab";
			};
			name = Release;
		};
		EEC7CF6325034397003389AB /* Debug */ = {
			isa = XCBuildConfiguration;
			buildSettings = {
				ALWAYS_EMBED_SWIFT_STANDARD_LIBRARIES = YES;
				CODE_SIGN_STYLE = Automatic;
				DEVELOPMENT_TEAM = J737B85W5Z;
				INFOPLIST_FILE = FieldFabUITests/Info.plist;
				LD_RUNPATH_SEARCH_PATHS = (
					"$(inherited)",
					"@executable_path/Frameworks",
					"@loader_path/Frameworks",
				);
				PRODUCT_BUNDLE_IDENTIFIER = Just1Guy.FieldFabUITests;
				PRODUCT_NAME = "$(TARGET_NAME)";
				SWIFT_VERSION = 5.0;
				TARGETED_DEVICE_FAMILY = "1,2";
				TEST_TARGET_NAME = FieldFab;
			};
			name = Debug;
		};
		EEC7CF6425034397003389AB /* Release */ = {
			isa = XCBuildConfiguration;
			buildSettings = {
				ALWAYS_EMBED_SWIFT_STANDARD_LIBRARIES = YES;
				CODE_SIGN_STYLE = Automatic;
				DEVELOPMENT_TEAM = J737B85W5Z;
				INFOPLIST_FILE = FieldFabUITests/Info.plist;
				LD_RUNPATH_SEARCH_PATHS = (
					"$(inherited)",
					"@executable_path/Frameworks",
					"@loader_path/Frameworks",
				);
				PRODUCT_BUNDLE_IDENTIFIER = Just1Guy.FieldFabUITests;
				PRODUCT_NAME = "$(TARGET_NAME)";
				SWIFT_VERSION = 5.0;
				TARGETED_DEVICE_FAMILY = "1,2";
				TEST_TARGET_NAME = FieldFab;
			};
			name = Release;
		};
/* End XCBuildConfiguration section */

/* Begin XCConfigurationList section */
		EEC7CF2D25034396003389AB /* Build configuration list for PBXProject "FieldFab" */ = {
			isa = XCConfigurationList;
			buildConfigurations = (
				EEC7CF5A25034397003389AB /* Debug */,
				EEC7CF5B25034397003389AB /* Release */,
			);
			defaultConfigurationIsVisible = 0;
			defaultConfigurationName = Release;
		};
		EEC7CF5C25034397003389AB /* Build configuration list for PBXNativeTarget "FieldFab" */ = {
			isa = XCConfigurationList;
			buildConfigurations = (
				EEC7CF5D25034397003389AB /* Debug */,
				EEC7CF5E25034397003389AB /* Release */,
			);
			defaultConfigurationIsVisible = 0;
			defaultConfigurationName = Release;
		};
		EEC7CF5F25034397003389AB /* Build configuration list for PBXNativeTarget "FieldFabTests" */ = {
			isa = XCConfigurationList;
			buildConfigurations = (
				EEC7CF6025034397003389AB /* Debug */,
				EEC7CF6125034397003389AB /* Release */,
			);
			defaultConfigurationIsVisible = 0;
			defaultConfigurationName = Release;
		};
		EEC7CF6225034397003389AB /* Build configuration list for PBXNativeTarget "FieldFabUITests" */ = {
			isa = XCConfigurationList;
			buildConfigurations = (
				EEC7CF6325034397003389AB /* Debug */,
				EEC7CF6425034397003389AB /* Release */,
			);
			defaultConfigurationIsVisible = 0;
			defaultConfigurationName = Release;
		};
/* End XCConfigurationList section */

/* Begin XCRemoteSwiftPackageReference section */
		EE29E4122505EFFB007F4036 /* XCRemoteSwiftPackageReference "Carbon" */ = {
			isa = XCRemoteSwiftPackageReference;
			repositoryURL = "https://github.com/ra1028/Carbon";
			requirement = {
				branch = master;
				kind = branch;
			};
		};
		EE590E8425045D4200ECCDF1 /* XCRemoteSwiftPackageReference "Guitar" */ = {
			isa = XCRemoteSwiftPackageReference;
			repositoryURL = "https://github.com/ArtSabintsev/Guitar";
			requirement = {
				branch = master;
				kind = branch;
			};
		};
/* End XCRemoteSwiftPackageReference section */

/* Begin XCSwiftPackageProductDependency section */
		EE29E4132505EFFB007F4036 /* Carbon */ = {
			isa = XCSwiftPackageProductDependency;
			package = EE29E4122505EFFB007F4036 /* XCRemoteSwiftPackageReference "Carbon" */;
			productName = Carbon;
		};
		EE590E8525045D4200ECCDF1 /* Guitar */ = {
			isa = XCSwiftPackageProductDependency;
			package = EE590E8425045D4200ECCDF1 /* XCRemoteSwiftPackageReference "Guitar" */;
			productName = Guitar;
		};
/* End XCSwiftPackageProductDependency section */
	};
	rootObject = EEC7CF2A25034396003389AB /* Project object */;
}
